Microsoft Visual Studio Solution File, Format Version 12.00
# Visual Studio Version 17
VisualStudioVersion = 17.0.31423.177
MinimumVisualStudioVersion = 10.0.40219.1
Project("{9A19103F-16F7-4668-BE54-9A1E7A4F7556}") = "Collection", "Source\Packages\Collection\Collection.csproj", "{301087BF-28DA-486C-9F6C-E9C84F261221}"
EndProject
Project("{9A19103F-16F7-4668-BE54-9A1E7A4F7556}") = "TestFramework", "Source\Packages\TestFramework\TestFramework.csproj", "{BAEDD6D8-4507-4C9E-AA78-3B5006CE6D86}"
EndProject
Project("{9A19103F-16F7-4668-BE54-9A1E7A4F7556}") = "Collection.Test", "Source\TestPackages\Collection.Test\Collection.Test.csproj", "{70D43860-CC9A-4832-8D00-FD3E1FC10F9F}"
EndProject
Project("{9A19103F-16F7-4668-BE54-9A1E7A4F7556}") = "Net.Html", "Source\Packages\Net.Html\Net.Html.csproj", "{470CA227-F7D1-4197-811E-D6919EF1F676}"
EndProject
Project("{9A19103F-16F7-4668-BE54-9A1E7A4F7556}") = "Automata.Test", "Source\TestPackages\Automata.Test\Automata.Test.csproj", "{F2DAF361-F59C-4308-B13E-D393DF927E09}"
EndProject
Project("{9A19103F-16F7-4668-BE54-9A1E7A4F7556}") = "Net.Test", "Source\TestPackages\Net.Test\Net.Test.csproj", "{528AE0F7-B2F1-4D33-8FA0-2110844DB397}"
EndProject
Project("{2150E333-8FDC-42A3-9474-1A3956D46DE8}") = "Solution Items", "Solution Items", "{CCAAD7F3-0EB4-4A72-9938-91C0BD7D146C}"
	ProjectSection(SolutionItems) = preProject
		.editorconfig = .editorconfig
	EndProjectSection
EndProject
Project("{9A19103F-16F7-4668-BE54-9A1E7A4F7556}") = "Code.Core", "Source\Packages\Code.Core\Code.Core.csproj", "{6AA88188-7CF6-4347-BE4F-13228D9211A2}"
EndProject
Project("{9A19103F-16F7-4668-BE54-9A1E7A4F7556}") = "Code.Core.Test", "Source\TestPackages\Code.Core.Test\Code.Core.Test.csproj", "{16CA5C21-A548-48F2-9090-B673EBDEC23B}"
EndProject
Project("{9A19103F-16F7-4668-BE54-9A1E7A4F7556}") = "Remote", "Source\Packages\Remote\Remote.csproj", "{5090E94A-68B7-45E9-BEF4-7C4E54D310E8}"
EndProject
Project("{9A19103F-16F7-4668-BE54-9A1E7A4F7556}") = "Remote.Test", "Source\TestPackages\Remote.Test\Remote.Test.csproj", "{C7FEBED8-87A0-4A93-BAA6-10A965D41E16}"
EndProject
Project("{9A19103F-16F7-4668-BE54-9A1E7A4F7556}") = "Remote.FileTransmission", "Source\Packages\Remote.FileTransmission\Remote.FileTransmission.csproj", "{4739622D-3274-4EAE-B0FB-4757DD8C9876}"
EndProject
Project("{9A19103F-16F7-4668-BE54-9A1E7A4F7556}") = "Net.Json", "Source\Packages\Net.Json\Net.Json.csproj", "{CC616205-4BC6-4C11-8606-0CE09E95F25D}"
EndProject
Project("{9A19103F-16F7-4668-BE54-9A1E7A4F7556}") = "Net.Http", "Source\Packages\Net.Http\Net.Http.csproj", "{C5F3363D-FCD5-46EB-841B-80033603AB3A}"
EndProject
Project("{9A19103F-16F7-4668-BE54-9A1E7A4F7556}") = "Automata.IDE", "Source\Packages\Automata.IDE\Automata.IDE.csproj", "{CE7EE5DC-DC20-4061-B644-DE3867414B5D}"
EndProject
Project("{9A19103F-16F7-4668-BE54-9A1E7A4F7556}") = "TestProgram", "Source\TestPackages\TestProgram\TestProgram.csproj", "{691EED02-7D60-45F5-AFA2-C0E2295A6498}"
EndProject
Project("{9A19103F-16F7-4668-BE54-9A1E7A4F7556}") = "File.SV", "Source\Packages\File.SV\File.SV.csproj", "{2EDD55D0-9ECE-4DB8-B019-562BBD07974C}"
EndProject
Project("{9A19103F-16F7-4668-BE54-9A1E7A4F7556}") = "File.Test", "Source\TestPackages\File.Test\File.Test.csproj", "{7DFCB614-EB76-4523-B085-71B8C3300394}"
EndProject
Project("{9A19103F-16F7-4668-BE54-9A1E7A4F7556}") = "Net.Xml", "Source\Packages\Net.Xml\Net.Xml.csproj", "{43218B58-5D7D-43AA-92A1-FCB7CD05E908}"
EndProject
Project("{9A19103F-16F7-4668-BE54-9A1E7A4F7556}") = "NumericalAnalysis", "Source\Packages\NumericalAnalysis\NumericalAnalysis.csproj", "{8BD78E2C-9FB8-4B61-97E8-0AC24C4BAD6A}"
EndProject
Project("{9A19103F-16F7-4668-BE54-9A1E7A4F7556}") = "NumericalAnalysis.Test", "Source\TestPackages\NumericalAnalysis.Test\NumericalAnalysis.Test.csproj", "{99FCD81B-33A5-4FA4-B517-1D16F8354564}"
EndProject
Project("{9A19103F-16F7-4668-BE54-9A1E7A4F7556}") = "ColorFunction", "Source\Packages\ColorFunction\ColorFunction.csproj", "{A74BF2CF-F3E9-4078-94A5-53A0EC306893}"
EndProject
Project("{9A19103F-16F7-4668-BE54-9A1E7A4F7556}") = "Tikz", "Source\Packages\Tikz\Tikz.csproj", "{E9178ADE-019A-458B-801F-309A1A530850}"
EndProject
Project("{9A19103F-16F7-4668-BE54-9A1E7A4F7556}") = "TikzForm", "Source\Packages\TikzForm\TikzForm.csproj", "{DA394BE2-283D-4703-B4A8-0615B0B228E8}"
EndProject
Project("{9A19103F-16F7-4668-BE54-9A1E7A4F7556}") = "Hook", "Source\Packages\Hook\Hook.csproj", "{690C19BC-700A-4044-BEA6-5E793B482D1E}"
EndProject
Project("{9A19103F-16F7-4668-BE54-9A1E7A4F7556}") = "Hook.Test", "Source\TestPackages\Hook.Test\Hook.Test.csproj", "{6A839FEF-2A8C-4A8E-84BB-72E6A354974D}"
EndProject
Project("{9A19103F-16F7-4668-BE54-9A1E7A4F7556}") = "CSharpScript", "Source\Packages\CSharpScript\CSharpScript.csproj", "{6DB6CE05-13BC-469F-96FD-25C7F3E58D15}"
EndProject
Project("{9A19103F-16F7-4668-BE54-9A1E7A4F7556}") = "ResourceForm", "Source\Packages\ResourceForm\ResourceForm.csproj", "{8DC2EA7B-D41F-4464-AD33-D8130C65F6F5}"
EndProject
Project("{2150E333-8FDC-42A3-9474-1A3956D46DE8}") = "TestPackages", "TestPackages", "{7307DCB8-A663-4F8C-A406-EFC3B17AE1FC}"
EndProject
Project("{9A19103F-16F7-4668-BE54-9A1E7A4F7556}") = "CSharpScript.Test", "Source\TestPackages\CSharpScript.Test\CSharpScript.Test.csproj", "{6C408C41-AC5A-4143-B706-FD889DB974D6}"
EndProject
Project("{FAE04EC0-301F-11D3-BF4B-00C04F79EFBC}") = "Wolfram", "Source\Packages\Wolfram\Wolfram.csproj", "{6F847BBA-C08C-4067-A61D-F9881DEC84F4}"
EndProject
Project("{9A19103F-16F7-4668-BE54-9A1E7A4F7556}") = "Parser", "Source\Packages\Parser\Parser.csproj", "{F4446F0E-D7A0-48BD-8137-EF62D8622921}"
EndProject
Project("{9A19103F-16F7-4668-BE54-9A1E7A4F7556}") = "Parser.Test", "Source\TestPackages\Parser.Test\Parser.Test.csproj", "{6EB26925-C50B-49C2-9BEE-10C985D6AF05}"
EndProject
Project("{9A19103F-16F7-4668-BE54-9A1E7A4F7556}") = "JsonForm", "Source\Packages\JsonForm\JsonForm.csproj", "{49BCF269-D5B6-4E4C-AECC-88DB5D9CADF4}"
EndProject
Project("{9A19103F-16F7-4668-BE54-9A1E7A4F7556}") = "ParserForm", "Source\Packages\ParserForm\ParserForm.csproj", "{2CFA16CC-B92C-4B10-8213-EBC1FB140A5B}"
EndProject
Project("{9A19103F-16F7-4668-BE54-9A1E7A4F7556}") = "PE", "Source\Packages\PE\PE.csproj", "{133E16D4-782E-4012-A03D-1B865A37B166}"
EndProject
Project("{9A19103F-16F7-4668-BE54-9A1E7A4F7556}") = "Automata", "Source\Packages\Automata\Automata.csproj", "{02B86583-098C-4BC8-841D-8CE095DA2AFC}"
EndProject
Project("{2150E333-8FDC-42A3-9474-1A3956D46DE8}") = "Packages", "Packages", "{CAD756E7-2289-4067-A26D-3A2E6EE59E04}"
EndProject
Project("{9A19103F-16F7-4668-BE54-9A1E7A4F7556}") = "PE.Test", "Source\TestPackages\PE.Test\PE.Test.csproj", "{19130B77-C1FB-4E67-8D49-93A47AE463B7}"
EndProject
Project("{9A19103F-16F7-4668-BE54-9A1E7A4F7556}") = "JPEG", "Source\Packages\JPEG\JPEG.csproj", "{C17BA133-E5FB-4068-9A97-0C0B75C861D8}"
EndProject
Project("{9A19103F-16F7-4668-BE54-9A1E7A4F7556}") = "BMP", "Source\Packages\BMP\BMP.csproj", "{38BB64EC-5B2F-4A0B-A38B-B316FDFAEE4B}"
EndProject
Project("{9A19103F-16F7-4668-BE54-9A1E7A4F7556}") = "ELF", "Source\Packages\ELF\ELF.csproj", "{ACD01A85-4B09-4A07-835A-772623A6CBD9}"
EndProject
Project("{9A19103F-16F7-4668-BE54-9A1E7A4F7556}") = "FileParserBuilder", "Source\Packages\FileParserBuilder\FileParserBuilder.csproj", "{9A7EEDCC-2385-4494-AC30-0625D909198A}"
EndProject
Project("{9A19103F-16F7-4668-BE54-9A1E7A4F7556}") = "Nasm", "Source\Packages\Nasm\Nasm.csproj", "{A331A237-9ED5-4C19-B6CA-D764ABE44A89}"
EndProject
Project("{9A19103F-16F7-4668-BE54-9A1E7A4F7556}") = "PFile", "Source\Packages\PFile\PFile.csproj", "{0C0BA041-BC5C-4D61-A277-5A83BA96049F}"
EndProject
Project("{9A19103F-16F7-4668-BE54-9A1E7A4F7556}") = "HMM", "Source\Packages\HMM\HMM.csproj", "{E05E352C-7E04-4B82-8D3B-FA2396E9ACBD}"
EndProject
Project("{9A19103F-16F7-4668-BE54-9A1E7A4F7556}") = "HMM.Test", "Source\TestPackages\HMM.Test\HMM.Test.csproj", "{B6DF8B90-9776-4BBF-85FD-C502475717A4}"
EndProject
Project("{9A19103F-16F7-4668-BE54-9A1E7A4F7556}") = "GA", "Source\Packages\GA\GA.csproj", "{A47F5719-5651-4A00-A841-A664562EF35D}"
EndProject
Project("{9A19103F-16F7-4668-BE54-9A1E7A4F7556}") = "GA.Test", "Source\TestPackages\GA.Test\GA.Test.csproj", "{B5496A69-B4D6-4565-989D-4A9F04C6807E}"
EndProject
Project("{9A19103F-16F7-4668-BE54-9A1E7A4F7556}") = "SAA", "Source\Packages\SAA\SAA.csproj", "{911C4B25-160C-4F54-A13C-43D77FDCCA65}"
EndProject
Project("{9A19103F-16F7-4668-BE54-9A1E7A4F7556}") = "SAA.Test", "Source\TestPackages\SAA.Test\SAA.Test.csproj", "{E20F06A0-B2BF-4F9C-9E1B-0715F3D0FC34}"
EndProject
Project("{9A19103F-16F7-4668-BE54-9A1E7A4F7556}") = "Operations", "Source\Packages\Operations\Operations.csproj", "{7B4383B6-6C38-4674-810A-DA68AF9C35B6}"
EndProject
Project("{9A19103F-16F7-4668-BE54-9A1E7A4F7556}") = "Operations.Test", "Source\TestPackages\Operations.Test\Operations.Test.csproj", "{02822209-9DA9-45DB-88AB-6EA5CE670603}"
EndProject
Project("{9A19103F-16F7-4668-BE54-9A1E7A4F7556}") = "RBM", "Source\Packages\RBM\RBM.csproj", "{7479F188-7758-4A29-B671-51B8E0F8F316}"
EndProject
Project("{9A19103F-16F7-4668-BE54-9A1E7A4F7556}") = "RBM.Test", "Source\TestPackages\RBM.Test\RBM.Test.csproj", "{80C9518C-E006-4CB5-875F-3E4BF77333BA}"
EndProject
Project("{9A19103F-16F7-4668-BE54-9A1E7A4F7556}") = "Wolfram.Json", "Source\Packages\Wolfram.Json\Wolfram.Json.csproj", "{9C4C03A1-54C7-45EE-86A2-3687BD10A599}"
EndProject
Project("{9A19103F-16F7-4668-BE54-9A1E7A4F7556}") = "PSO", "Source\Packages\PSO\PSO.csproj", "{9A3931C3-74FC-489C-82EF-3EAA76FC8725}"
EndProject
Project("{9A19103F-16F7-4668-BE54-9A1E7A4F7556}") = "ISO", "Source\Packages\ISO\ISO.csproj", "{F3316D22-7F8C-4343-90B5-5D22369F69CF}"
EndProject
Project("{9A19103F-16F7-4668-BE54-9A1E7A4F7556}") = "Net.Mail", "Source\Packages\Net.Mail\Net.Mail.csproj", "{4572078E-29B9-4332-A8F3-BA38179E0F40}"
EndProject
Project("{9A19103F-16F7-4668-BE54-9A1E7A4F7556}") = "Language", "Source\Packages\Language\Language.csproj", "{89870B04-6AC2-4E27-AF8F-503493E5DC74}"
EndProject
Project("{9A19103F-16F7-4668-BE54-9A1E7A4F7556}") = "Language.Test", "Source\TestPackages\Language.Test\Language.Test.csproj", "{379FF157-E593-46D7-8150-72C9AEACC3C4}"
EndProject
Project("{9A19103F-16F7-4668-BE54-9A1E7A4F7556}") = "JSHost", "Source\Packages\JSHost\JSHost.csproj", "{EA2AB2E3-2CF7-4B54-9980-7993B818E9DD}"
EndProject
Project("{9A19103F-16F7-4668-BE54-9A1E7A4F7556}") = "SVM", "Source\Packages\SVM\SVM.csproj", "{FABD6A95-4258-42CE-BA16-034C7E9BAD0E}"
EndProject
Project("{9A19103F-16F7-4668-BE54-9A1E7A4F7556}") = "Argument", "Source\Packages\Argument\Argument.csproj", "{0F77F14C-09B1-4102-AA8D-93BDF62074D4}"
EndProject
Project("{9A19103F-16F7-4668-BE54-9A1E7A4F7556}") = "PDB", "Source\Packages\PDB\PDB.csproj", "{CF0DE727-96BA-4F8A-91D9-6E5CBC3FE2A1}"
EndProject
Project("{9A19103F-16F7-4668-BE54-9A1E7A4F7556}") = "Compiler", "Source\Packages\Compiler\Compiler.csproj", "{FBB7A4C5-BD8B-4C76-847C-213DFE07E438}"
EndProject
Project("{9A19103F-16F7-4668-BE54-9A1E7A4F7556}") = "Compiler.Test", "Source\TestPackages\Compiler.Test\Compiler.Test.csproj", "{3DF28FD5-DF24-4F2D-9DA8-89B68E86D514}"
EndProject
Project("{9A19103F-16F7-4668-BE54-9A1E7A4F7556}") = "CSharpCompiler", "Source\Packages\CSharpCompiler\CSharpCompiler.csproj", "{4D171950-8706-4316-B405-B77D59ED2841}"
EndProject
Project("{9A19103F-16F7-4668-BE54-9A1E7A4F7556}") = "CSharpParser", "CSharpParser\CSharpParser.csproj", "{CCD3D8BC-FAE6-43DB-8ABB-CC33F0F7D7A4}"
EndProject
Project("{FAE04EC0-301F-11D3-BF4B-00C04F79EFBC}") = "TimeSeries", "Source\Packages\TimeSeries\TimeSeries.csproj", "{C4CF6213-5AB8-471F-853A-083C2B4AF82B}"
EndProject
Global
	GlobalSection(SolutionConfigurationPlatforms) = preSolution
		Debug|Any CPU = Debug|Any CPU
		Debug|x64 = Debug|x64
		Release|Any CPU = Release|Any CPU
		Release|x64 = Release|x64
	EndGlobalSection
	GlobalSection(ProjectConfigurationPlatforms) = postSolution
		{301087BF-28DA-486C-9F6C-E9C84F261221}.Debug|Any CPU.ActiveCfg = Debug|x64
		{301087BF-28DA-486C-9F6C-E9C84F261221}.Debug|Any CPU.Build.0 = Debug|x64
		{301087BF-28DA-486C-9F6C-E9C84F261221}.Debug|x64.ActiveCfg = Debug|x64
		{301087BF-28DA-486C-9F6C-E9C84F261221}.Debug|x64.Build.0 = Debug|x64
		{301087BF-28DA-486C-9F6C-E9C84F261221}.Release|Any CPU.ActiveCfg = Release|x64
		{301087BF-28DA-486C-9F6C-E9C84F261221}.Release|Any CPU.Build.0 = Release|x64
		{301087BF-28DA-486C-9F6C-E9C84F261221}.Release|x64.ActiveCfg = Release|x64
		{301087BF-28DA-486C-9F6C-E9C84F261221}.Release|x64.Build.0 = Release|x64
		{BAEDD6D8-4507-4C9E-AA78-3B5006CE6D86}.Debug|Any CPU.ActiveCfg = Debug|x64
		{BAEDD6D8-4507-4C9E-AA78-3B5006CE6D86}.Debug|Any CPU.Build.0 = Debug|x64
		{BAEDD6D8-4507-4C9E-AA78-3B5006CE6D86}.Debug|x64.ActiveCfg = Debug|x64
		{BAEDD6D8-4507-4C9E-AA78-3B5006CE6D86}.Debug|x64.Build.0 = Debug|x64
		{BAEDD6D8-4507-4C9E-AA78-3B5006CE6D86}.Release|Any CPU.ActiveCfg = Release|x64
		{BAEDD6D8-4507-4C9E-AA78-3B5006CE6D86}.Release|Any CPU.Build.0 = Release|x64
		{BAEDD6D8-4507-4C9E-AA78-3B5006CE6D86}.Release|x64.ActiveCfg = Release|x64
		{BAEDD6D8-4507-4C9E-AA78-3B5006CE6D86}.Release|x64.Build.0 = Release|x64
		{70D43860-CC9A-4832-8D00-FD3E1FC10F9F}.Debug|Any CPU.ActiveCfg = Debug|x64
		{70D43860-CC9A-4832-8D00-FD3E1FC10F9F}.Debug|Any CPU.Build.0 = Debug|x64
		{70D43860-CC9A-4832-8D00-FD3E1FC10F9F}.Debug|x64.ActiveCfg = Debug|x64
		{70D43860-CC9A-4832-8D00-FD3E1FC10F9F}.Debug|x64.Build.0 = Debug|x64
		{70D43860-CC9A-4832-8D00-FD3E1FC10F9F}.Release|Any CPU.ActiveCfg = Release|x64
		{70D43860-CC9A-4832-8D00-FD3E1FC10F9F}.Release|Any CPU.Build.0 = Release|x64
		{70D43860-CC9A-4832-8D00-FD3E1FC10F9F}.Release|x64.ActiveCfg = Release|x64
		{70D43860-CC9A-4832-8D00-FD3E1FC10F9F}.Release|x64.Build.0 = Release|x64
		{470CA227-F7D1-4197-811E-D6919EF1F676}.Debug|Any CPU.ActiveCfg = Debug|x64
		{470CA227-F7D1-4197-811E-D6919EF1F676}.Debug|Any CPU.Build.0 = Debug|x64
		{470CA227-F7D1-4197-811E-D6919EF1F676}.Debug|x64.ActiveCfg = Debug|x64
		{470CA227-F7D1-4197-811E-D6919EF1F676}.Debug|x64.Build.0 = Debug|x64
		{470CA227-F7D1-4197-811E-D6919EF1F676}.Release|Any CPU.ActiveCfg = Release|x64
		{470CA227-F7D1-4197-811E-D6919EF1F676}.Release|Any CPU.Build.0 = Release|x64
		{470CA227-F7D1-4197-811E-D6919EF1F676}.Release|x64.ActiveCfg = Release|x64
		{470CA227-F7D1-4197-811E-D6919EF1F676}.Release|x64.Build.0 = Release|x64
		{F2DAF361-F59C-4308-B13E-D393DF927E09}.Debug|Any CPU.ActiveCfg = Debug|x64
		{F2DAF361-F59C-4308-B13E-D393DF927E09}.Debug|Any CPU.Build.0 = Debug|x64
		{F2DAF361-F59C-4308-B13E-D393DF927E09}.Debug|x64.ActiveCfg = Debug|x64
		{F2DAF361-F59C-4308-B13E-D393DF927E09}.Debug|x64.Build.0 = Debug|x64
		{F2DAF361-F59C-4308-B13E-D393DF927E09}.Release|Any CPU.ActiveCfg = Release|x64
		{F2DAF361-F59C-4308-B13E-D393DF927E09}.Release|Any CPU.Build.0 = Release|x64
		{F2DAF361-F59C-4308-B13E-D393DF927E09}.Release|x64.ActiveCfg = Release|x64
		{F2DAF361-F59C-4308-B13E-D393DF927E09}.Release|x64.Build.0 = Release|x64
		{528AE0F7-B2F1-4D33-8FA0-2110844DB397}.Debug|Any CPU.ActiveCfg = Debug|x64
		{528AE0F7-B2F1-4D33-8FA0-2110844DB397}.Debug|Any CPU.Build.0 = Debug|x64
		{528AE0F7-B2F1-4D33-8FA0-2110844DB397}.Debug|x64.ActiveCfg = Debug|x64
		{528AE0F7-B2F1-4D33-8FA0-2110844DB397}.Debug|x64.Build.0 = Debug|x64
		{528AE0F7-B2F1-4D33-8FA0-2110844DB397}.Release|Any CPU.ActiveCfg = Release|x64
		{528AE0F7-B2F1-4D33-8FA0-2110844DB397}.Release|Any CPU.Build.0 = Release|x64
		{528AE0F7-B2F1-4D33-8FA0-2110844DB397}.Release|x64.ActiveCfg = Release|x64
		{528AE0F7-B2F1-4D33-8FA0-2110844DB397}.Release|x64.Build.0 = Release|x64
		{6AA88188-7CF6-4347-BE4F-13228D9211A2}.Debug|Any CPU.ActiveCfg = Debug|x64
		{6AA88188-7CF6-4347-BE4F-13228D9211A2}.Debug|Any CPU.Build.0 = Debug|x64
		{6AA88188-7CF6-4347-BE4F-13228D9211A2}.Debug|x64.ActiveCfg = Debug|x64
		{6AA88188-7CF6-4347-BE4F-13228D9211A2}.Debug|x64.Build.0 = Debug|x64
		{6AA88188-7CF6-4347-BE4F-13228D9211A2}.Release|Any CPU.ActiveCfg = Release|x64
		{6AA88188-7CF6-4347-BE4F-13228D9211A2}.Release|Any CPU.Build.0 = Release|x64
		{6AA88188-7CF6-4347-BE4F-13228D9211A2}.Release|x64.ActiveCfg = Release|x64
		{6AA88188-7CF6-4347-BE4F-13228D9211A2}.Release|x64.Build.0 = Release|x64
		{16CA5C21-A548-48F2-9090-B673EBDEC23B}.Debug|Any CPU.ActiveCfg = Debug|x64
		{16CA5C21-A548-48F2-9090-B673EBDEC23B}.Debug|Any CPU.Build.0 = Debug|x64
		{16CA5C21-A548-48F2-9090-B673EBDEC23B}.Debug|x64.ActiveCfg = Debug|x64
		{16CA5C21-A548-48F2-9090-B673EBDEC23B}.Debug|x64.Build.0 = Debug|x64
		{16CA5C21-A548-48F2-9090-B673EBDEC23B}.Release|Any CPU.ActiveCfg = Release|x64
		{16CA5C21-A548-48F2-9090-B673EBDEC23B}.Release|Any CPU.Build.0 = Release|x64
		{16CA5C21-A548-48F2-9090-B673EBDEC23B}.Release|x64.ActiveCfg = Release|x64
		{16CA5C21-A548-48F2-9090-B673EBDEC23B}.Release|x64.Build.0 = Release|x64
		{5090E94A-68B7-45E9-BEF4-7C4E54D310E8}.Debug|Any CPU.ActiveCfg = Debug|x64
		{5090E94A-68B7-45E9-BEF4-7C4E54D310E8}.Debug|Any CPU.Build.0 = Debug|x64
		{5090E94A-68B7-45E9-BEF4-7C4E54D310E8}.Debug|x64.ActiveCfg = Debug|x64
		{5090E94A-68B7-45E9-BEF4-7C4E54D310E8}.Debug|x64.Build.0 = Debug|x64
		{5090E94A-68B7-45E9-BEF4-7C4E54D310E8}.Release|Any CPU.ActiveCfg = Release|x64
		{5090E94A-68B7-45E9-BEF4-7C4E54D310E8}.Release|Any CPU.Build.0 = Release|x64
		{5090E94A-68B7-45E9-BEF4-7C4E54D310E8}.Release|x64.ActiveCfg = Release|x64
		{5090E94A-68B7-45E9-BEF4-7C4E54D310E8}.Release|x64.Build.0 = Release|x64
		{C7FEBED8-87A0-4A93-BAA6-10A965D41E16}.Debug|Any CPU.ActiveCfg = Debug|x64
		{C7FEBED8-87A0-4A93-BAA6-10A965D41E16}.Debug|Any CPU.Build.0 = Debug|x64
		{C7FEBED8-87A0-4A93-BAA6-10A965D41E16}.Debug|x64.ActiveCfg = Debug|x64
		{C7FEBED8-87A0-4A93-BAA6-10A965D41E16}.Debug|x64.Build.0 = Debug|x64
		{C7FEBED8-87A0-4A93-BAA6-10A965D41E16}.Release|Any CPU.ActiveCfg = Release|x64
		{C7FEBED8-87A0-4A93-BAA6-10A965D41E16}.Release|Any CPU.Build.0 = Release|x64
		{C7FEBED8-87A0-4A93-BAA6-10A965D41E16}.Release|x64.ActiveCfg = Release|x64
		{C7FEBED8-87A0-4A93-BAA6-10A965D41E16}.Release|x64.Build.0 = Release|x64
		{4739622D-3274-4EAE-B0FB-4757DD8C9876}.Debug|Any CPU.ActiveCfg = Debug|x64
		{4739622D-3274-4EAE-B0FB-4757DD8C9876}.Debug|Any CPU.Build.0 = Debug|x64
		{4739622D-3274-4EAE-B0FB-4757DD8C9876}.Debug|x64.ActiveCfg = Debug|x64
		{4739622D-3274-4EAE-B0FB-4757DD8C9876}.Debug|x64.Build.0 = Debug|x64
		{4739622D-3274-4EAE-B0FB-4757DD8C9876}.Release|Any CPU.ActiveCfg = Release|x64
		{4739622D-3274-4EAE-B0FB-4757DD8C9876}.Release|Any CPU.Build.0 = Release|x64
		{4739622D-3274-4EAE-B0FB-4757DD8C9876}.Release|x64.ActiveCfg = Release|x64
		{4739622D-3274-4EAE-B0FB-4757DD8C9876}.Release|x64.Build.0 = Release|x64
		{CC616205-4BC6-4C11-8606-0CE09E95F25D}.Debug|Any CPU.ActiveCfg = Debug|x64
		{CC616205-4BC6-4C11-8606-0CE09E95F25D}.Debug|Any CPU.Build.0 = Debug|x64
		{CC616205-4BC6-4C11-8606-0CE09E95F25D}.Debug|x64.ActiveCfg = Debug|x64
		{CC616205-4BC6-4C11-8606-0CE09E95F25D}.Debug|x64.Build.0 = Debug|x64
		{CC616205-4BC6-4C11-8606-0CE09E95F25D}.Release|Any CPU.ActiveCfg = Release|x64
		{CC616205-4BC6-4C11-8606-0CE09E95F25D}.Release|Any CPU.Build.0 = Release|x64
		{CC616205-4BC6-4C11-8606-0CE09E95F25D}.Release|x64.ActiveCfg = Release|x64
		{CC616205-4BC6-4C11-8606-0CE09E95F25D}.Release|x64.Build.0 = Release|x64
		{C5F3363D-FCD5-46EB-841B-80033603AB3A}.Debug|Any CPU.ActiveCfg = Debug|x64
		{C5F3363D-FCD5-46EB-841B-80033603AB3A}.Debug|Any CPU.Build.0 = Debug|x64
		{C5F3363D-FCD5-46EB-841B-80033603AB3A}.Debug|x64.ActiveCfg = Debug|x64
		{C5F3363D-FCD5-46EB-841B-80033603AB3A}.Debug|x64.Build.0 = Debug|x64
		{C5F3363D-FCD5-46EB-841B-80033603AB3A}.Release|Any CPU.ActiveCfg = Release|x64
		{C5F3363D-FCD5-46EB-841B-80033603AB3A}.Release|Any CPU.Build.0 = Release|x64
		{C5F3363D-FCD5-46EB-841B-80033603AB3A}.Release|x64.ActiveCfg = Release|x64
		{C5F3363D-FCD5-46EB-841B-80033603AB3A}.Release|x64.Build.0 = Release|x64
		{CE7EE5DC-DC20-4061-B644-DE3867414B5D}.Debug|Any CPU.ActiveCfg = Debug|x64
		{CE7EE5DC-DC20-4061-B644-DE3867414B5D}.Debug|Any CPU.Build.0 = Debug|x64
		{CE7EE5DC-DC20-4061-B644-DE3867414B5D}.Debug|x64.ActiveCfg = Debug|x64
		{CE7EE5DC-DC20-4061-B644-DE3867414B5D}.Debug|x64.Build.0 = Debug|x64
		{CE7EE5DC-DC20-4061-B644-DE3867414B5D}.Release|Any CPU.ActiveCfg = Release|x64
		{CE7EE5DC-DC20-4061-B644-DE3867414B5D}.Release|Any CPU.Build.0 = Release|x64
		{CE7EE5DC-DC20-4061-B644-DE3867414B5D}.Release|x64.ActiveCfg = Release|x64
		{CE7EE5DC-DC20-4061-B644-DE3867414B5D}.Release|x64.Build.0 = Release|x64
		{691EED02-7D60-45F5-AFA2-C0E2295A6498}.Debug|Any CPU.ActiveCfg = Debug|x64
		{691EED02-7D60-45F5-AFA2-C0E2295A6498}.Debug|Any CPU.Build.0 = Debug|x64
		{691EED02-7D60-45F5-AFA2-C0E2295A6498}.Debug|x64.ActiveCfg = Debug|x64
		{691EED02-7D60-45F5-AFA2-C0E2295A6498}.Debug|x64.Build.0 = Debug|x64
		{691EED02-7D60-45F5-AFA2-C0E2295A6498}.Release|Any CPU.ActiveCfg = Release|x64
		{691EED02-7D60-45F5-AFA2-C0E2295A6498}.Release|Any CPU.Build.0 = Release|x64
		{691EED02-7D60-45F5-AFA2-C0E2295A6498}.Release|x64.ActiveCfg = Release|x64
		{691EED02-7D60-45F5-AFA2-C0E2295A6498}.Release|x64.Build.0 = Release|x64
		{2EDD55D0-9ECE-4DB8-B019-562BBD07974C}.Debug|Any CPU.ActiveCfg = Debug|x64
		{2EDD55D0-9ECE-4DB8-B019-562BBD07974C}.Debug|Any CPU.Build.0 = Debug|x64
		{2EDD55D0-9ECE-4DB8-B019-562BBD07974C}.Debug|x64.ActiveCfg = Debug|x64
		{2EDD55D0-9ECE-4DB8-B019-562BBD07974C}.Debug|x64.Build.0 = Debug|x64
		{2EDD55D0-9ECE-4DB8-B019-562BBD07974C}.Release|Any CPU.ActiveCfg = Release|x64
		{2EDD55D0-9ECE-4DB8-B019-562BBD07974C}.Release|Any CPU.Build.0 = Release|x64
		{2EDD55D0-9ECE-4DB8-B019-562BBD07974C}.Release|x64.ActiveCfg = Release|x64
		{2EDD55D0-9ECE-4DB8-B019-562BBD07974C}.Release|x64.Build.0 = Release|x64
		{7DFCB614-EB76-4523-B085-71B8C3300394}.Debug|Any CPU.ActiveCfg = Debug|x64
		{7DFCB614-EB76-4523-B085-71B8C3300394}.Debug|Any CPU.Build.0 = Debug|x64
		{7DFCB614-EB76-4523-B085-71B8C3300394}.Debug|x64.ActiveCfg = Debug|x64
		{7DFCB614-EB76-4523-B085-71B8C3300394}.Debug|x64.Build.0 = Debug|x64
		{7DFCB614-EB76-4523-B085-71B8C3300394}.Release|Any CPU.ActiveCfg = Release|x64
		{7DFCB614-EB76-4523-B085-71B8C3300394}.Release|Any CPU.Build.0 = Release|x64
		{7DFCB614-EB76-4523-B085-71B8C3300394}.Release|x64.ActiveCfg = Release|x64
		{7DFCB614-EB76-4523-B085-71B8C3300394}.Release|x64.Build.0 = Release|x64
		{43218B58-5D7D-43AA-92A1-FCB7CD05E908}.Debug|Any CPU.ActiveCfg = Debug|x64
		{43218B58-5D7D-43AA-92A1-FCB7CD05E908}.Debug|Any CPU.Build.0 = Debug|x64
		{43218B58-5D7D-43AA-92A1-FCB7CD05E908}.Debug|x64.ActiveCfg = Debug|x64
		{43218B58-5D7D-43AA-92A1-FCB7CD05E908}.Debug|x64.Build.0 = Debug|x64
		{43218B58-5D7D-43AA-92A1-FCB7CD05E908}.Release|Any CPU.ActiveCfg = Release|x64
		{43218B58-5D7D-43AA-92A1-FCB7CD05E908}.Release|Any CPU.Build.0 = Release|x64
		{43218B58-5D7D-43AA-92A1-FCB7CD05E908}.Release|x64.ActiveCfg = Release|x64
		{43218B58-5D7D-43AA-92A1-FCB7CD05E908}.Release|x64.Build.0 = Release|x64
		{8BD78E2C-9FB8-4B61-97E8-0AC24C4BAD6A}.Debug|Any CPU.ActiveCfg = Debug|x64
		{8BD78E2C-9FB8-4B61-97E8-0AC24C4BAD6A}.Debug|Any CPU.Build.0 = Debug|x64
		{8BD78E2C-9FB8-4B61-97E8-0AC24C4BAD6A}.Debug|x64.ActiveCfg = Debug|x64
		{8BD78E2C-9FB8-4B61-97E8-0AC24C4BAD6A}.Debug|x64.Build.0 = Debug|x64
		{8BD78E2C-9FB8-4B61-97E8-0AC24C4BAD6A}.Release|Any CPU.ActiveCfg = Release|x64
		{8BD78E2C-9FB8-4B61-97E8-0AC24C4BAD6A}.Release|Any CPU.Build.0 = Release|x64
		{8BD78E2C-9FB8-4B61-97E8-0AC24C4BAD6A}.Release|x64.ActiveCfg = Release|x64
		{8BD78E2C-9FB8-4B61-97E8-0AC24C4BAD6A}.Release|x64.Build.0 = Release|x64
		{99FCD81B-33A5-4FA4-B517-1D16F8354564}.Debug|Any CPU.ActiveCfg = Debug|x64
		{99FCD81B-33A5-4FA4-B517-1D16F8354564}.Debug|Any CPU.Build.0 = Debug|x64
		{99FCD81B-33A5-4FA4-B517-1D16F8354564}.Debug|x64.ActiveCfg = Debug|x64
		{99FCD81B-33A5-4FA4-B517-1D16F8354564}.Debug|x64.Build.0 = Debug|x64
		{99FCD81B-33A5-4FA4-B517-1D16F8354564}.Release|Any CPU.ActiveCfg = Release|x64
		{99FCD81B-33A5-4FA4-B517-1D16F8354564}.Release|Any CPU.Build.0 = Release|x64
		{99FCD81B-33A5-4FA4-B517-1D16F8354564}.Release|x64.ActiveCfg = Release|x64
		{99FCD81B-33A5-4FA4-B517-1D16F8354564}.Release|x64.Build.0 = Release|x64
		{A74BF2CF-F3E9-4078-94A5-53A0EC306893}.Debug|Any CPU.ActiveCfg = Debug|x64
		{A74BF2CF-F3E9-4078-94A5-53A0EC306893}.Debug|Any CPU.Build.0 = Debug|x64
		{A74BF2CF-F3E9-4078-94A5-53A0EC306893}.Debug|x64.ActiveCfg = Debug|x64
		{A74BF2CF-F3E9-4078-94A5-53A0EC306893}.Debug|x64.Build.0 = Debug|x64
		{A74BF2CF-F3E9-4078-94A5-53A0EC306893}.Release|Any CPU.ActiveCfg = Release|x64
		{A74BF2CF-F3E9-4078-94A5-53A0EC306893}.Release|Any CPU.Build.0 = Release|x64
		{A74BF2CF-F3E9-4078-94A5-53A0EC306893}.Release|x64.ActiveCfg = Release|x64
		{A74BF2CF-F3E9-4078-94A5-53A0EC306893}.Release|x64.Build.0 = Release|x64
		{E9178ADE-019A-458B-801F-309A1A530850}.Debug|Any CPU.ActiveCfg = Debug|x64
		{E9178ADE-019A-458B-801F-309A1A530850}.Debug|Any CPU.Build.0 = Debug|x64
		{E9178ADE-019A-458B-801F-309A1A530850}.Debug|x64.ActiveCfg = Debug|x64
		{E9178ADE-019A-458B-801F-309A1A530850}.Debug|x64.Build.0 = Debug|x64
		{E9178ADE-019A-458B-801F-309A1A530850}.Release|Any CPU.ActiveCfg = Release|x64
		{E9178ADE-019A-458B-801F-309A1A530850}.Release|Any CPU.Build.0 = Release|x64
		{E9178ADE-019A-458B-801F-309A1A530850}.Release|x64.ActiveCfg = Release|x64
		{E9178ADE-019A-458B-801F-309A1A530850}.Release|x64.Build.0 = Release|x64
		{DA394BE2-283D-4703-B4A8-0615B0B228E8}.Debug|Any CPU.ActiveCfg = Debug|x64
		{DA394BE2-283D-4703-B4A8-0615B0B228E8}.Debug|Any CPU.Build.0 = Debug|x64
		{DA394BE2-283D-4703-B4A8-0615B0B228E8}.Debug|x64.ActiveCfg = Debug|x64
		{DA394BE2-283D-4703-B4A8-0615B0B228E8}.Debug|x64.Build.0 = Debug|x64
		{DA394BE2-283D-4703-B4A8-0615B0B228E8}.Release|Any CPU.ActiveCfg = Release|x64
		{DA394BE2-283D-4703-B4A8-0615B0B228E8}.Release|Any CPU.Build.0 = Release|x64
		{DA394BE2-283D-4703-B4A8-0615B0B228E8}.Release|x64.ActiveCfg = Release|x64
		{DA394BE2-283D-4703-B4A8-0615B0B228E8}.Release|x64.Build.0 = Release|x64
		{690C19BC-700A-4044-BEA6-5E793B482D1E}.Debug|Any CPU.ActiveCfg = Debug|x64
		{690C19BC-700A-4044-BEA6-5E793B482D1E}.Debug|Any CPU.Build.0 = Debug|x64
		{690C19BC-700A-4044-BEA6-5E793B482D1E}.Debug|x64.ActiveCfg = Debug|x64
		{690C19BC-700A-4044-BEA6-5E793B482D1E}.Debug|x64.Build.0 = Debug|x64
		{690C19BC-700A-4044-BEA6-5E793B482D1E}.Release|Any CPU.ActiveCfg = Release|x64
		{690C19BC-700A-4044-BEA6-5E793B482D1E}.Release|Any CPU.Build.0 = Release|x64
		{690C19BC-700A-4044-BEA6-5E793B482D1E}.Release|x64.ActiveCfg = Release|x64
		{690C19BC-700A-4044-BEA6-5E793B482D1E}.Release|x64.Build.0 = Release|x64
		{6A839FEF-2A8C-4A8E-84BB-72E6A354974D}.Debug|Any CPU.ActiveCfg = Debug|x64
		{6A839FEF-2A8C-4A8E-84BB-72E6A354974D}.Debug|Any CPU.Build.0 = Debug|x64
		{6A839FEF-2A8C-4A8E-84BB-72E6A354974D}.Debug|x64.ActiveCfg = Debug|x64
		{6A839FEF-2A8C-4A8E-84BB-72E6A354974D}.Debug|x64.Build.0 = Debug|x64
		{6A839FEF-2A8C-4A8E-84BB-72E6A354974D}.Release|Any CPU.ActiveCfg = Release|x64
		{6A839FEF-2A8C-4A8E-84BB-72E6A354974D}.Release|Any CPU.Build.0 = Release|x64
		{6A839FEF-2A8C-4A8E-84BB-72E6A354974D}.Release|x64.ActiveCfg = Release|x64
		{6A839FEF-2A8C-4A8E-84BB-72E6A354974D}.Release|x64.Build.0 = Release|x64
		{6DB6CE05-13BC-469F-96FD-25C7F3E58D15}.Debug|Any CPU.ActiveCfg = Debug|x64
		{6DB6CE05-13BC-469F-96FD-25C7F3E58D15}.Debug|Any CPU.Build.0 = Debug|x64
		{6DB6CE05-13BC-469F-96FD-25C7F3E58D15}.Debug|x64.ActiveCfg = Debug|x64
		{6DB6CE05-13BC-469F-96FD-25C7F3E58D15}.Debug|x64.Build.0 = Debug|x64
		{6DB6CE05-13BC-469F-96FD-25C7F3E58D15}.Release|Any CPU.ActiveCfg = Release|x64
		{6DB6CE05-13BC-469F-96FD-25C7F3E58D15}.Release|Any CPU.Build.0 = Release|x64
		{6DB6CE05-13BC-469F-96FD-25C7F3E58D15}.Release|x64.ActiveCfg = Release|x64
		{6DB6CE05-13BC-469F-96FD-25C7F3E58D15}.Release|x64.Build.0 = Release|x64
		{8DC2EA7B-D41F-4464-AD33-D8130C65F6F5}.Debug|Any CPU.ActiveCfg = Debug|x64
		{8DC2EA7B-D41F-4464-AD33-D8130C65F6F5}.Debug|Any CPU.Build.0 = Debug|x64
		{8DC2EA7B-D41F-4464-AD33-D8130C65F6F5}.Debug|x64.ActiveCfg = Debug|x64
		{8DC2EA7B-D41F-4464-AD33-D8130C65F6F5}.Debug|x64.Build.0 = Debug|x64
		{8DC2EA7B-D41F-4464-AD33-D8130C65F6F5}.Release|Any CPU.ActiveCfg = Release|x64
		{8DC2EA7B-D41F-4464-AD33-D8130C65F6F5}.Release|Any CPU.Build.0 = Release|x64
		{8DC2EA7B-D41F-4464-AD33-D8130C65F6F5}.Release|x64.ActiveCfg = Release|x64
		{8DC2EA7B-D41F-4464-AD33-D8130C65F6F5}.Release|x64.Build.0 = Release|x64
		{6C408C41-AC5A-4143-B706-FD889DB974D6}.Debug|Any CPU.ActiveCfg = Debug|x64
		{6C408C41-AC5A-4143-B706-FD889DB974D6}.Debug|Any CPU.Build.0 = Debug|x64
		{6C408C41-AC5A-4143-B706-FD889DB974D6}.Debug|x64.ActiveCfg = Debug|x64
		{6C408C41-AC5A-4143-B706-FD889DB974D6}.Debug|x64.Build.0 = Debug|x64
		{6C408C41-AC5A-4143-B706-FD889DB974D6}.Release|Any CPU.ActiveCfg = Release|x64
		{6C408C41-AC5A-4143-B706-FD889DB974D6}.Release|Any CPU.Build.0 = Release|x64
		{6C408C41-AC5A-4143-B706-FD889DB974D6}.Release|x64.ActiveCfg = Release|x64
		{6C408C41-AC5A-4143-B706-FD889DB974D6}.Release|x64.Build.0 = Release|x64
		{6F847BBA-C08C-4067-A61D-F9881DEC84F4}.Debug|Any CPU.ActiveCfg = Debug|Any CPU
		{6F847BBA-C08C-4067-A61D-F9881DEC84F4}.Debug|Any CPU.Build.0 = Debug|Any CPU
		{6F847BBA-C08C-4067-A61D-F9881DEC84F4}.Debug|x64.ActiveCfg = Debug|x64
		{6F847BBA-C08C-4067-A61D-F9881DEC84F4}.Debug|x64.Build.0 = Debug|x64
		{6F847BBA-C08C-4067-A61D-F9881DEC84F4}.Release|Any CPU.ActiveCfg = Release|Any CPU
		{6F847BBA-C08C-4067-A61D-F9881DEC84F4}.Release|Any CPU.Build.0 = Release|Any CPU
		{6F847BBA-C08C-4067-A61D-F9881DEC84F4}.Release|x64.ActiveCfg = Release|Any CPU
		{6F847BBA-C08C-4067-A61D-F9881DEC84F4}.Release|x64.Build.0 = Release|Any CPU
		{F4446F0E-D7A0-48BD-8137-EF62D8622921}.Debug|Any CPU.ActiveCfg = Debug|x64
		{F4446F0E-D7A0-48BD-8137-EF62D8622921}.Debug|Any CPU.Build.0 = Debug|x64
		{F4446F0E-D7A0-48BD-8137-EF62D8622921}.Debug|x64.ActiveCfg = Debug|x64
		{F4446F0E-D7A0-48BD-8137-EF62D8622921}.Debug|x64.Build.0 = Debug|x64
		{F4446F0E-D7A0-48BD-8137-EF62D8622921}.Release|Any CPU.ActiveCfg = Release|x64
		{F4446F0E-D7A0-48BD-8137-EF62D8622921}.Release|Any CPU.Build.0 = Release|x64
		{F4446F0E-D7A0-48BD-8137-EF62D8622921}.Release|x64.ActiveCfg = Release|x64
		{F4446F0E-D7A0-48BD-8137-EF62D8622921}.Release|x64.Build.0 = Release|x64
		{6EB26925-C50B-49C2-9BEE-10C985D6AF05}.Debug|Any CPU.ActiveCfg = Debug|x64
		{6EB26925-C50B-49C2-9BEE-10C985D6AF05}.Debug|Any CPU.Build.0 = Debug|x64
		{6EB26925-C50B-49C2-9BEE-10C985D6AF05}.Debug|x64.ActiveCfg = Debug|x64
		{6EB26925-C50B-49C2-9BEE-10C985D6AF05}.Debug|x64.Build.0 = Debug|x64
		{6EB26925-C50B-49C2-9BEE-10C985D6AF05}.Release|Any CPU.ActiveCfg = Release|x64
		{6EB26925-C50B-49C2-9BEE-10C985D6AF05}.Release|Any CPU.Build.0 = Release|x64
		{6EB26925-C50B-49C2-9BEE-10C985D6AF05}.Release|x64.ActiveCfg = Release|x64
		{6EB26925-C50B-49C2-9BEE-10C985D6AF05}.Release|x64.Build.0 = Release|x64
		{49BCF269-D5B6-4E4C-AECC-88DB5D9CADF4}.Debug|Any CPU.ActiveCfg = Debug|x64
		{49BCF269-D5B6-4E4C-AECC-88DB5D9CADF4}.Debug|Any CPU.Build.0 = Debug|x64
		{49BCF269-D5B6-4E4C-AECC-88DB5D9CADF4}.Debug|x64.ActiveCfg = Debug|x64
		{49BCF269-D5B6-4E4C-AECC-88DB5D9CADF4}.Debug|x64.Build.0 = Debug|x64
		{49BCF269-D5B6-4E4C-AECC-88DB5D9CADF4}.Release|Any CPU.ActiveCfg = Release|x64
		{49BCF269-D5B6-4E4C-AECC-88DB5D9CADF4}.Release|Any CPU.Build.0 = Release|x64
		{49BCF269-D5B6-4E4C-AECC-88DB5D9CADF4}.Release|x64.ActiveCfg = Release|x64
		{49BCF269-D5B6-4E4C-AECC-88DB5D9CADF4}.Release|x64.Build.0 = Release|x64
		{2CFA16CC-B92C-4B10-8213-EBC1FB140A5B}.Debug|Any CPU.ActiveCfg = Debug|x64
		{2CFA16CC-B92C-4B10-8213-EBC1FB140A5B}.Debug|Any CPU.Build.0 = Debug|x64
		{2CFA16CC-B92C-4B10-8213-EBC1FB140A5B}.Debug|x64.ActiveCfg = Debug|x64
		{2CFA16CC-B92C-4B10-8213-EBC1FB140A5B}.Debug|x64.Build.0 = Debug|x64
		{2CFA16CC-B92C-4B10-8213-EBC1FB140A5B}.Release|Any CPU.ActiveCfg = Release|x64
		{2CFA16CC-B92C-4B10-8213-EBC1FB140A5B}.Release|Any CPU.Build.0 = Release|x64
		{2CFA16CC-B92C-4B10-8213-EBC1FB140A5B}.Release|x64.ActiveCfg = Release|x64
		{2CFA16CC-B92C-4B10-8213-EBC1FB140A5B}.Release|x64.Build.0 = Release|x64
		{133E16D4-782E-4012-A03D-1B865A37B166}.Debug|Any CPU.ActiveCfg = Debug|x64
		{133E16D4-782E-4012-A03D-1B865A37B166}.Debug|Any CPU.Build.0 = Debug|x64
		{133E16D4-782E-4012-A03D-1B865A37B166}.Debug|x64.ActiveCfg = Debug|x64
		{133E16D4-782E-4012-A03D-1B865A37B166}.Debug|x64.Build.0 = Debug|x64
		{133E16D4-782E-4012-A03D-1B865A37B166}.Release|Any CPU.ActiveCfg = Release|x64
		{133E16D4-782E-4012-A03D-1B865A37B166}.Release|Any CPU.Build.0 = Release|x64
		{133E16D4-782E-4012-A03D-1B865A37B166}.Release|x64.ActiveCfg = Release|x64
		{133E16D4-782E-4012-A03D-1B865A37B166}.Release|x64.Build.0 = Release|x64
		{02B86583-098C-4BC8-841D-8CE095DA2AFC}.Debug|Any CPU.ActiveCfg = Debug|x64
		{02B86583-098C-4BC8-841D-8CE095DA2AFC}.Debug|Any CPU.Build.0 = Debug|x64
		{02B86583-098C-4BC8-841D-8CE095DA2AFC}.Debug|x64.ActiveCfg = Debug|x64
		{02B86583-098C-4BC8-841D-8CE095DA2AFC}.Debug|x64.Build.0 = Debug|x64
		{02B86583-098C-4BC8-841D-8CE095DA2AFC}.Release|Any CPU.ActiveCfg = Release|x64
		{02B86583-098C-4BC8-841D-8CE095DA2AFC}.Release|Any CPU.Build.0 = Release|x64
		{02B86583-098C-4BC8-841D-8CE095DA2AFC}.Release|x64.ActiveCfg = Release|x64
		{02B86583-098C-4BC8-841D-8CE095DA2AFC}.Release|x64.Build.0 = Release|x64
		{19130B77-C1FB-4E67-8D49-93A47AE463B7}.Debug|Any CPU.ActiveCfg = Debug|x64
		{19130B77-C1FB-4E67-8D49-93A47AE463B7}.Debug|Any CPU.Build.0 = Debug|x64
		{19130B77-C1FB-4E67-8D49-93A47AE463B7}.Debug|x64.ActiveCfg = Debug|x64
		{19130B77-C1FB-4E67-8D49-93A47AE463B7}.Debug|x64.Build.0 = Debug|x64
		{19130B77-C1FB-4E67-8D49-93A47AE463B7}.Release|Any CPU.ActiveCfg = Release|x64
		{19130B77-C1FB-4E67-8D49-93A47AE463B7}.Release|Any CPU.Build.0 = Release|x64
		{19130B77-C1FB-4E67-8D49-93A47AE463B7}.Release|x64.ActiveCfg = Release|x64
		{19130B77-C1FB-4E67-8D49-93A47AE463B7}.Release|x64.Build.0 = Release|x64
		{C17BA133-E5FB-4068-9A97-0C0B75C861D8}.Debug|Any CPU.ActiveCfg = Debug|x64
		{C17BA133-E5FB-4068-9A97-0C0B75C861D8}.Debug|Any CPU.Build.0 = Debug|x64
		{C17BA133-E5FB-4068-9A97-0C0B75C861D8}.Debug|x64.ActiveCfg = Debug|x64
		{C17BA133-E5FB-4068-9A97-0C0B75C861D8}.Debug|x64.Build.0 = Debug|x64
		{C17BA133-E5FB-4068-9A97-0C0B75C861D8}.Release|Any CPU.ActiveCfg = Release|x64
		{C17BA133-E5FB-4068-9A97-0C0B75C861D8}.Release|Any CPU.Build.0 = Release|x64
		{C17BA133-E5FB-4068-9A97-0C0B75C861D8}.Release|x64.ActiveCfg = Release|x64
		{C17BA133-E5FB-4068-9A97-0C0B75C861D8}.Release|x64.Build.0 = Release|x64
		{38BB64EC-5B2F-4A0B-A38B-B316FDFAEE4B}.Debug|Any CPU.ActiveCfg = Debug|x64
		{38BB64EC-5B2F-4A0B-A38B-B316FDFAEE4B}.Debug|Any CPU.Build.0 = Debug|x64
		{38BB64EC-5B2F-4A0B-A38B-B316FDFAEE4B}.Debug|x64.ActiveCfg = Debug|x64
		{38BB64EC-5B2F-4A0B-A38B-B316FDFAEE4B}.Debug|x64.Build.0 = Debug|x64
		{38BB64EC-5B2F-4A0B-A38B-B316FDFAEE4B}.Release|Any CPU.ActiveCfg = Release|x64
		{38BB64EC-5B2F-4A0B-A38B-B316FDFAEE4B}.Release|Any CPU.Build.0 = Release|x64
		{38BB64EC-5B2F-4A0B-A38B-B316FDFAEE4B}.Release|x64.ActiveCfg = Release|x64
		{38BB64EC-5B2F-4A0B-A38B-B316FDFAEE4B}.Release|x64.Build.0 = Release|x64
		{ACD01A85-4B09-4A07-835A-772623A6CBD9}.Debug|Any CPU.ActiveCfg = Debug|x64
		{ACD01A85-4B09-4A07-835A-772623A6CBD9}.Debug|Any CPU.Build.0 = Debug|x64
		{ACD01A85-4B09-4A07-835A-772623A6CBD9}.Debug|x64.ActiveCfg = Debug|x64
		{ACD01A85-4B09-4A07-835A-772623A6CBD9}.Debug|x64.Build.0 = Debug|x64
		{ACD01A85-4B09-4A07-835A-772623A6CBD9}.Release|Any CPU.ActiveCfg = Release|x64
		{ACD01A85-4B09-4A07-835A-772623A6CBD9}.Release|Any CPU.Build.0 = Release|x64
		{ACD01A85-4B09-4A07-835A-772623A6CBD9}.Release|x64.ActiveCfg = Release|x64
		{ACD01A85-4B09-4A07-835A-772623A6CBD9}.Release|x64.Build.0 = Release|x64
		{9A7EEDCC-2385-4494-AC30-0625D909198A}.Debug|Any CPU.ActiveCfg = Debug|x64
		{9A7EEDCC-2385-4494-AC30-0625D909198A}.Debug|Any CPU.Build.0 = Debug|x64
		{9A7EEDCC-2385-4494-AC30-0625D909198A}.Debug|x64.ActiveCfg = Debug|x64
		{9A7EEDCC-2385-4494-AC30-0625D909198A}.Debug|x64.Build.0 = Debug|x64
		{9A7EEDCC-2385-4494-AC30-0625D909198A}.Release|Any CPU.ActiveCfg = Release|x64
		{9A7EEDCC-2385-4494-AC30-0625D909198A}.Release|Any CPU.Build.0 = Release|x64
		{9A7EEDCC-2385-4494-AC30-0625D909198A}.Release|x64.ActiveCfg = Release|x64
		{9A7EEDCC-2385-4494-AC30-0625D909198A}.Release|x64.Build.0 = Release|x64
		{A331A237-9ED5-4C19-B6CA-D764ABE44A89}.Debug|Any CPU.ActiveCfg = Debug|x64
		{A331A237-9ED5-4C19-B6CA-D764ABE44A89}.Debug|Any CPU.Build.0 = Debug|x64
		{A331A237-9ED5-4C19-B6CA-D764ABE44A89}.Debug|x64.ActiveCfg = Debug|x64
		{A331A237-9ED5-4C19-B6CA-D764ABE44A89}.Debug|x64.Build.0 = Debug|x64
		{A331A237-9ED5-4C19-B6CA-D764ABE44A89}.Release|Any CPU.ActiveCfg = Release|x64
		{A331A237-9ED5-4C19-B6CA-D764ABE44A89}.Release|Any CPU.Build.0 = Release|x64
		{A331A237-9ED5-4C19-B6CA-D764ABE44A89}.Release|x64.ActiveCfg = Release|x64
		{A331A237-9ED5-4C19-B6CA-D764ABE44A89}.Release|x64.Build.0 = Release|x64
		{0C0BA041-BC5C-4D61-A277-5A83BA96049F}.Debug|Any CPU.ActiveCfg = Debug|x64
		{0C0BA041-BC5C-4D61-A277-5A83BA96049F}.Debug|Any CPU.Build.0 = Debug|x64
		{0C0BA041-BC5C-4D61-A277-5A83BA96049F}.Debug|x64.ActiveCfg = Debug|x64
		{0C0BA041-BC5C-4D61-A277-5A83BA96049F}.Debug|x64.Build.0 = Debug|x64
		{0C0BA041-BC5C-4D61-A277-5A83BA96049F}.Release|Any CPU.ActiveCfg = Release|x64
		{0C0BA041-BC5C-4D61-A277-5A83BA96049F}.Release|Any CPU.Build.0 = Release|x64
		{0C0BA041-BC5C-4D61-A277-5A83BA96049F}.Release|x64.ActiveCfg = Release|x64
		{0C0BA041-BC5C-4D61-A277-5A83BA96049F}.Release|x64.Build.0 = Release|x64
		{E05E352C-7E04-4B82-8D3B-FA2396E9ACBD}.Debug|Any CPU.ActiveCfg = Debug|Any CPU
		{E05E352C-7E04-4B82-8D3B-FA2396E9ACBD}.Debug|Any CPU.Build.0 = Debug|Any CPU
		{E05E352C-7E04-4B82-8D3B-FA2396E9ACBD}.Debug|x64.ActiveCfg = Debug|Any CPU
		{E05E352C-7E04-4B82-8D3B-FA2396E9ACBD}.Debug|x64.Build.0 = Debug|Any CPU
		{E05E352C-7E04-4B82-8D3B-FA2396E9ACBD}.Release|Any CPU.ActiveCfg = Release|Any CPU
		{E05E352C-7E04-4B82-8D3B-FA2396E9ACBD}.Release|Any CPU.Build.0 = Release|Any CPU
		{E05E352C-7E04-4B82-8D3B-FA2396E9ACBD}.Release|x64.ActiveCfg = Release|Any CPU
		{E05E352C-7E04-4B82-8D3B-FA2396E9ACBD}.Release|x64.Build.0 = Release|Any CPU
		{B6DF8B90-9776-4BBF-85FD-C502475717A4}.Debug|Any CPU.ActiveCfg = Debug|Any CPU
		{B6DF8B90-9776-4BBF-85FD-C502475717A4}.Debug|Any CPU.Build.0 = Debug|Any CPU
		{B6DF8B90-9776-4BBF-85FD-C502475717A4}.Debug|x64.ActiveCfg = Debug|Any CPU
		{B6DF8B90-9776-4BBF-85FD-C502475717A4}.Debug|x64.Build.0 = Debug|Any CPU
		{B6DF8B90-9776-4BBF-85FD-C502475717A4}.Release|Any CPU.ActiveCfg = Release|Any CPU
		{B6DF8B90-9776-4BBF-85FD-C502475717A4}.Release|Any CPU.Build.0 = Release|Any CPU
		{B6DF8B90-9776-4BBF-85FD-C502475717A4}.Release|x64.ActiveCfg = Release|Any CPU
		{B6DF8B90-9776-4BBF-85FD-C502475717A4}.Release|x64.Build.0 = Release|Any CPU
		{A47F5719-5651-4A00-A841-A664562EF35D}.Debug|Any CPU.ActiveCfg = Debug|Any CPU
		{A47F5719-5651-4A00-A841-A664562EF35D}.Debug|Any CPU.Build.0 = Debug|Any CPU
		{A47F5719-5651-4A00-A841-A664562EF35D}.Debug|x64.ActiveCfg = Debug|Any CPU
		{A47F5719-5651-4A00-A841-A664562EF35D}.Debug|x64.Build.0 = Debug|Any CPU
		{A47F5719-5651-4A00-A841-A664562EF35D}.Release|Any CPU.ActiveCfg = Release|Any CPU
		{A47F5719-5651-4A00-A841-A664562EF35D}.Release|Any CPU.Build.0 = Release|Any CPU
		{A47F5719-5651-4A00-A841-A664562EF35D}.Release|x64.ActiveCfg = Release|Any CPU
		{A47F5719-5651-4A00-A841-A664562EF35D}.Release|x64.Build.0 = Release|Any CPU
		{B5496A69-B4D6-4565-989D-4A9F04C6807E}.Debug|Any CPU.ActiveCfg = Debug|Any CPU
		{B5496A69-B4D6-4565-989D-4A9F04C6807E}.Debug|Any CPU.Build.0 = Debug|Any CPU
		{B5496A69-B4D6-4565-989D-4A9F04C6807E}.Debug|x64.ActiveCfg = Debug|Any CPU
		{B5496A69-B4D6-4565-989D-4A9F04C6807E}.Debug|x64.Build.0 = Debug|Any CPU
		{B5496A69-B4D6-4565-989D-4A9F04C6807E}.Release|Any CPU.ActiveCfg = Release|Any CPU
		{B5496A69-B4D6-4565-989D-4A9F04C6807E}.Release|Any CPU.Build.0 = Release|Any CPU
		{B5496A69-B4D6-4565-989D-4A9F04C6807E}.Release|x64.ActiveCfg = Release|Any CPU
		{B5496A69-B4D6-4565-989D-4A9F04C6807E}.Release|x64.Build.0 = Release|Any CPU
		{911C4B25-160C-4F54-A13C-43D77FDCCA65}.Debug|Any CPU.ActiveCfg = Debug|Any CPU
		{911C4B25-160C-4F54-A13C-43D77FDCCA65}.Debug|Any CPU.Build.0 = Debug|Any CPU
		{911C4B25-160C-4F54-A13C-43D77FDCCA65}.Debug|x64.ActiveCfg = Debug|Any CPU
		{911C4B25-160C-4F54-A13C-43D77FDCCA65}.Debug|x64.Build.0 = Debug|Any CPU
		{911C4B25-160C-4F54-A13C-43D77FDCCA65}.Release|Any CPU.ActiveCfg = Release|Any CPU
		{911C4B25-160C-4F54-A13C-43D77FDCCA65}.Release|Any CPU.Build.0 = Release|Any CPU
		{911C4B25-160C-4F54-A13C-43D77FDCCA65}.Release|x64.ActiveCfg = Release|Any CPU
		{911C4B25-160C-4F54-A13C-43D77FDCCA65}.Release|x64.Build.0 = Release|Any CPU
		{E20F06A0-B2BF-4F9C-9E1B-0715F3D0FC34}.Debug|Any CPU.ActiveCfg = Debug|Any CPU
		{E20F06A0-B2BF-4F9C-9E1B-0715F3D0FC34}.Debug|Any CPU.Build.0 = Debug|Any CPU
		{E20F06A0-B2BF-4F9C-9E1B-0715F3D0FC34}.Debug|x64.ActiveCfg = Debug|Any CPU
		{E20F06A0-B2BF-4F9C-9E1B-0715F3D0FC34}.Debug|x64.Build.0 = Debug|Any CPU
		{E20F06A0-B2BF-4F9C-9E1B-0715F3D0FC34}.Release|Any CPU.ActiveCfg = Release|Any CPU
		{E20F06A0-B2BF-4F9C-9E1B-0715F3D0FC34}.Release|Any CPU.Build.0 = Release|Any CPU
		{E20F06A0-B2BF-4F9C-9E1B-0715F3D0FC34}.Release|x64.ActiveCfg = Release|Any CPU
		{E20F06A0-B2BF-4F9C-9E1B-0715F3D0FC34}.Release|x64.Build.0 = Release|Any CPU
		{7B4383B6-6C38-4674-810A-DA68AF9C35B6}.Debug|Any CPU.ActiveCfg = Debug|Any CPU
		{7B4383B6-6C38-4674-810A-DA68AF9C35B6}.Debug|Any CPU.Build.0 = Debug|Any CPU
		{7B4383B6-6C38-4674-810A-DA68AF9C35B6}.Debug|x64.ActiveCfg = Debug|Any CPU
		{7B4383B6-6C38-4674-810A-DA68AF9C35B6}.Debug|x64.Build.0 = Debug|Any CPU
		{7B4383B6-6C38-4674-810A-DA68AF9C35B6}.Release|Any CPU.ActiveCfg = Release|Any CPU
		{7B4383B6-6C38-4674-810A-DA68AF9C35B6}.Release|Any CPU.Build.0 = Release|Any CPU
		{7B4383B6-6C38-4674-810A-DA68AF9C35B6}.Release|x64.ActiveCfg = Release|Any CPU
		{7B4383B6-6C38-4674-810A-DA68AF9C35B6}.Release|x64.Build.0 = Release|Any CPU
		{02822209-9DA9-45DB-88AB-6EA5CE670603}.Debug|Any CPU.ActiveCfg = Debug|Any CPU
		{02822209-9DA9-45DB-88AB-6EA5CE670603}.Debug|Any CPU.Build.0 = Debug|Any CPU
		{02822209-9DA9-45DB-88AB-6EA5CE670603}.Debug|x64.ActiveCfg = Debug|Any CPU
		{02822209-9DA9-45DB-88AB-6EA5CE670603}.Debug|x64.Build.0 = Debug|Any CPU
		{02822209-9DA9-45DB-88AB-6EA5CE670603}.Release|Any CPU.ActiveCfg = Release|Any CPU
		{02822209-9DA9-45DB-88AB-6EA5CE670603}.Release|Any CPU.Build.0 = Release|Any CPU
		{02822209-9DA9-45DB-88AB-6EA5CE670603}.Release|x64.ActiveCfg = Release|Any CPU
		{02822209-9DA9-45DB-88AB-6EA5CE670603}.Release|x64.Build.0 = Release|Any CPU
		{7479F188-7758-4A29-B671-51B8E0F8F316}.Debug|Any CPU.ActiveCfg = Debug|Any CPU
		{7479F188-7758-4A29-B671-51B8E0F8F316}.Debug|Any CPU.Build.0 = Debug|Any CPU
		{7479F188-7758-4A29-B671-51B8E0F8F316}.Debug|x64.ActiveCfg = Debug|Any CPU
		{7479F188-7758-4A29-B671-51B8E0F8F316}.Debug|x64.Build.0 = Debug|Any CPU
		{7479F188-7758-4A29-B671-51B8E0F8F316}.Release|Any CPU.ActiveCfg = Release|Any CPU
		{7479F188-7758-4A29-B671-51B8E0F8F316}.Release|Any CPU.Build.0 = Release|Any CPU
		{7479F188-7758-4A29-B671-51B8E0F8F316}.Release|x64.ActiveCfg = Release|Any CPU
		{7479F188-7758-4A29-B671-51B8E0F8F316}.Release|x64.Build.0 = Release|Any CPU
		{80C9518C-E006-4CB5-875F-3E4BF77333BA}.Debug|Any CPU.ActiveCfg = Debug|Any CPU
		{80C9518C-E006-4CB5-875F-3E4BF77333BA}.Debug|Any CPU.Build.0 = Debug|Any CPU
		{80C9518C-E006-4CB5-875F-3E4BF77333BA}.Debug|x64.ActiveCfg = Debug|Any CPU
		{80C9518C-E006-4CB5-875F-3E4BF77333BA}.Debug|x64.Build.0 = Debug|Any CPU
		{80C9518C-E006-4CB5-875F-3E4BF77333BA}.Release|Any CPU.ActiveCfg = Release|Any CPU
		{80C9518C-E006-4CB5-875F-3E4BF77333BA}.Release|Any CPU.Build.0 = Release|Any CPU
		{80C9518C-E006-4CB5-875F-3E4BF77333BA}.Release|x64.ActiveCfg = Release|Any CPU
		{80C9518C-E006-4CB5-875F-3E4BF77333BA}.Release|x64.Build.0 = Release|Any CPU
		{9C4C03A1-54C7-45EE-86A2-3687BD10A599}.Debug|Any CPU.ActiveCfg = Debug|Any CPU
		{9C4C03A1-54C7-45EE-86A2-3687BD10A599}.Debug|Any CPU.Build.0 = Debug|Any CPU
		{9C4C03A1-54C7-45EE-86A2-3687BD10A599}.Debug|x64.ActiveCfg = Debug|Any CPU
		{9C4C03A1-54C7-45EE-86A2-3687BD10A599}.Debug|x64.Build.0 = Debug|Any CPU
		{9C4C03A1-54C7-45EE-86A2-3687BD10A599}.Release|Any CPU.ActiveCfg = Release|Any CPU
		{9C4C03A1-54C7-45EE-86A2-3687BD10A599}.Release|Any CPU.Build.0 = Release|Any CPU
		{9C4C03A1-54C7-45EE-86A2-3687BD10A599}.Release|x64.ActiveCfg = Release|Any CPU
		{9C4C03A1-54C7-45EE-86A2-3687BD10A599}.Release|x64.Build.0 = Release|Any CPU
		{9A3931C3-74FC-489C-82EF-3EAA76FC8725}.Debug|Any CPU.ActiveCfg = Debug|Any CPU
		{9A3931C3-74FC-489C-82EF-3EAA76FC8725}.Debug|Any CPU.Build.0 = Debug|Any CPU
		{9A3931C3-74FC-489C-82EF-3EAA76FC8725}.Debug|x64.ActiveCfg = Debug|Any CPU
		{9A3931C3-74FC-489C-82EF-3EAA76FC8725}.Debug|x64.Build.0 = Debug|Any CPU
		{9A3931C3-74FC-489C-82EF-3EAA76FC8725}.Release|Any CPU.ActiveCfg = Release|Any CPU
		{9A3931C3-74FC-489C-82EF-3EAA76FC8725}.Release|Any CPU.Build.0 = Release|Any CPU
		{9A3931C3-74FC-489C-82EF-3EAA76FC8725}.Release|x64.ActiveCfg = Release|Any CPU
		{9A3931C3-74FC-489C-82EF-3EAA76FC8725}.Release|x64.Build.0 = Release|Any CPU
		{F3316D22-7F8C-4343-90B5-5D22369F69CF}.Debug|Any CPU.ActiveCfg = Debug|Any CPU
		{F3316D22-7F8C-4343-90B5-5D22369F69CF}.Debug|Any CPU.Build.0 = Debug|Any CPU
		{F3316D22-7F8C-4343-90B5-5D22369F69CF}.Debug|x64.ActiveCfg = Debug|Any CPU
		{F3316D22-7F8C-4343-90B5-5D22369F69CF}.Debug|x64.Build.0 = Debug|Any CPU
		{F3316D22-7F8C-4343-90B5-5D22369F69CF}.Release|Any CPU.ActiveCfg = Release|Any CPU
		{F3316D22-7F8C-4343-90B5-5D22369F69CF}.Release|Any CPU.Build.0 = Release|Any CPU
		{F3316D22-7F8C-4343-90B5-5D22369F69CF}.Release|x64.ActiveCfg = Release|Any CPU
		{F3316D22-7F8C-4343-90B5-5D22369F69CF}.Release|x64.Build.0 = Release|Any CPU
		{4572078E-29B9-4332-A8F3-BA38179E0F40}.Debug|Any CPU.ActiveCfg = Debug|Any CPU
		{4572078E-29B9-4332-A8F3-BA38179E0F40}.Debug|Any CPU.Build.0 = Debug|Any CPU
		{4572078E-29B9-4332-A8F3-BA38179E0F40}.Debug|x64.ActiveCfg = Debug|Any CPU
		{4572078E-29B9-4332-A8F3-BA38179E0F40}.Debug|x64.Build.0 = Debug|Any CPU
		{4572078E-29B9-4332-A8F3-BA38179E0F40}.Release|Any CPU.ActiveCfg = Release|Any CPU
		{4572078E-29B9-4332-A8F3-BA38179E0F40}.Release|Any CPU.Build.0 = Release|Any CPU
		{4572078E-29B9-4332-A8F3-BA38179E0F40}.Release|x64.ActiveCfg = Release|Any CPU
		{4572078E-29B9-4332-A8F3-BA38179E0F40}.Release|x64.Build.0 = Release|Any CPU
		{89870B04-6AC2-4E27-AF8F-503493E5DC74}.Debug|Any CPU.ActiveCfg = Debug|Any CPU
		{89870B04-6AC2-4E27-AF8F-503493E5DC74}.Debug|Any CPU.Build.0 = Debug|Any CPU
		{89870B04-6AC2-4E27-AF8F-503493E5DC74}.Debug|x64.ActiveCfg = Debug|Any CPU
		{89870B04-6AC2-4E27-AF8F-503493E5DC74}.Debug|x64.Build.0 = Debug|Any CPU
		{89870B04-6AC2-4E27-AF8F-503493E5DC74}.Release|Any CPU.ActiveCfg = Release|Any CPU
		{89870B04-6AC2-4E27-AF8F-503493E5DC74}.Release|Any CPU.Build.0 = Release|Any CPU
		{89870B04-6AC2-4E27-AF8F-503493E5DC74}.Release|x64.ActiveCfg = Release|Any CPU
		{89870B04-6AC2-4E27-AF8F-503493E5DC74}.Release|x64.Build.0 = Release|Any CPU
		{379FF157-E593-46D7-8150-72C9AEACC3C4}.Debug|Any CPU.ActiveCfg = Debug|Any CPU
		{379FF157-E593-46D7-8150-72C9AEACC3C4}.Debug|Any CPU.Build.0 = Debug|Any CPU
		{379FF157-E593-46D7-8150-72C9AEACC3C4}.Debug|x64.ActiveCfg = Debug|Any CPU
		{379FF157-E593-46D7-8150-72C9AEACC3C4}.Debug|x64.Build.0 = Debug|Any CPU
		{379FF157-E593-46D7-8150-72C9AEACC3C4}.Release|Any CPU.ActiveCfg = Release|Any CPU
		{379FF157-E593-46D7-8150-72C9AEACC3C4}.Release|Any CPU.Build.0 = Release|Any CPU
		{379FF157-E593-46D7-8150-72C9AEACC3C4}.Release|x64.ActiveCfg = Release|Any CPU
		{379FF157-E593-46D7-8150-72C9AEACC3C4}.Release|x64.Build.0 = Release|Any CPU
		{EA2AB2E3-2CF7-4B54-9980-7993B818E9DD}.Debug|Any CPU.ActiveCfg = Debug|Any CPU
		{EA2AB2E3-2CF7-4B54-9980-7993B818E9DD}.Debug|Any CPU.Build.0 = Debug|Any CPU
		{EA2AB2E3-2CF7-4B54-9980-7993B818E9DD}.Debug|x64.ActiveCfg = Debug|Any CPU
		{EA2AB2E3-2CF7-4B54-9980-7993B818E9DD}.Debug|x64.Build.0 = Debug|Any CPU
		{EA2AB2E3-2CF7-4B54-9980-7993B818E9DD}.Release|Any CPU.ActiveCfg = Release|Any CPU
		{EA2AB2E3-2CF7-4B54-9980-7993B818E9DD}.Release|Any CPU.Build.0 = Release|Any CPU
		{EA2AB2E3-2CF7-4B54-9980-7993B818E9DD}.Release|x64.ActiveCfg = Release|Any CPU
		{EA2AB2E3-2CF7-4B54-9980-7993B818E9DD}.Release|x64.Build.0 = Release|Any CPU
		{FABD6A95-4258-42CE-BA16-034C7E9BAD0E}.Debug|Any CPU.ActiveCfg = Debug|Any CPU
		{FABD6A95-4258-42CE-BA16-034C7E9BAD0E}.Debug|Any CPU.Build.0 = Debug|Any CPU
		{FABD6A95-4258-42CE-BA16-034C7E9BAD0E}.Debug|x64.ActiveCfg = Debug|Any CPU
		{FABD6A95-4258-42CE-BA16-034C7E9BAD0E}.Debug|x64.Build.0 = Debug|Any CPU
		{FABD6A95-4258-42CE-BA16-034C7E9BAD0E}.Release|Any CPU.ActiveCfg = Release|Any CPU
		{FABD6A95-4258-42CE-BA16-034C7E9BAD0E}.Release|Any CPU.Build.0 = Release|Any CPU
		{FABD6A95-4258-42CE-BA16-034C7E9BAD0E}.Release|x64.ActiveCfg = Release|Any CPU
		{FABD6A95-4258-42CE-BA16-034C7E9BAD0E}.Release|x64.Build.0 = Release|Any CPU
		{0F77F14C-09B1-4102-AA8D-93BDF62074D4}.Debug|Any CPU.ActiveCfg = Debug|Any CPU
		{0F77F14C-09B1-4102-AA8D-93BDF62074D4}.Debug|Any CPU.Build.0 = Debug|Any CPU
		{0F77F14C-09B1-4102-AA8D-93BDF62074D4}.Debug|x64.ActiveCfg = Debug|Any CPU
		{0F77F14C-09B1-4102-AA8D-93BDF62074D4}.Debug|x64.Build.0 = Debug|Any CPU
		{0F77F14C-09B1-4102-AA8D-93BDF62074D4}.Release|Any CPU.ActiveCfg = Release|Any CPU
		{0F77F14C-09B1-4102-AA8D-93BDF62074D4}.Release|Any CPU.Build.0 = Release|Any CPU
		{0F77F14C-09B1-4102-AA8D-93BDF62074D4}.Release|x64.ActiveCfg = Release|Any CPU
		{0F77F14C-09B1-4102-AA8D-93BDF62074D4}.Release|x64.Build.0 = Release|Any CPU
		{CF0DE727-96BA-4F8A-91D9-6E5CBC3FE2A1}.Debug|Any CPU.ActiveCfg = Debug|Any CPU
		{CF0DE727-96BA-4F8A-91D9-6E5CBC3FE2A1}.Debug|Any CPU.Build.0 = Debug|Any CPU
		{CF0DE727-96BA-4F8A-91D9-6E5CBC3FE2A1}.Debug|x64.ActiveCfg = Debug|Any CPU
		{CF0DE727-96BA-4F8A-91D9-6E5CBC3FE2A1}.Debug|x64.Build.0 = Debug|Any CPU
		{CF0DE727-96BA-4F8A-91D9-6E5CBC3FE2A1}.Release|Any CPU.ActiveCfg = Release|Any CPU
		{CF0DE727-96BA-4F8A-91D9-6E5CBC3FE2A1}.Release|Any CPU.Build.0 = Release|Any CPU
		{CF0DE727-96BA-4F8A-91D9-6E5CBC3FE2A1}.Release|x64.ActiveCfg = Release|Any CPU
		{CF0DE727-96BA-4F8A-91D9-6E5CBC3FE2A1}.Release|x64.Build.0 = Release|Any CPU
		{FBB7A4C5-BD8B-4C76-847C-213DFE07E438}.Debug|Any CPU.ActiveCfg = Debug|Any CPU
		{FBB7A4C5-BD8B-4C76-847C-213DFE07E438}.Debug|Any CPU.Build.0 = Debug|Any CPU
		{FBB7A4C5-BD8B-4C76-847C-213DFE07E438}.Debug|x64.ActiveCfg = Debug|Any CPU
		{FBB7A4C5-BD8B-4C76-847C-213DFE07E438}.Debug|x64.Build.0 = Debug|Any CPU
		{FBB7A4C5-BD8B-4C76-847C-213DFE07E438}.Release|Any CPU.ActiveCfg = Release|Any CPU
		{FBB7A4C5-BD8B-4C76-847C-213DFE07E438}.Release|Any CPU.Build.0 = Release|Any CPU
		{FBB7A4C5-BD8B-4C76-847C-213DFE07E438}.Release|x64.ActiveCfg = Release|Any CPU
		{FBB7A4C5-BD8B-4C76-847C-213DFE07E438}.Release|x64.Build.0 = Release|Any CPU
		{3DF28FD5-DF24-4F2D-9DA8-89B68E86D514}.Debug|Any CPU.ActiveCfg = Debug|Any CPU
		{3DF28FD5-DF24-4F2D-9DA8-89B68E86D514}.Debug|Any CPU.Build.0 = Debug|Any CPU
		{3DF28FD5-DF24-4F2D-9DA8-89B68E86D514}.Debug|x64.ActiveCfg = Debug|Any CPU
		{3DF28FD5-DF24-4F2D-9DA8-89B68E86D514}.Debug|x64.Build.0 = Debug|Any CPU
		{3DF28FD5-DF24-4F2D-9DA8-89B68E86D514}.Release|Any CPU.ActiveCfg = Release|Any CPU
		{3DF28FD5-DF24-4F2D-9DA8-89B68E86D514}.Release|Any CPU.Build.0 = Release|Any CPU
		{3DF28FD5-DF24-4F2D-9DA8-89B68E86D514}.Release|x64.ActiveCfg = Release|Any CPU
		{3DF28FD5-DF24-4F2D-9DA8-89B68E86D514}.Release|x64.Build.0 = Release|Any CPU
		{4D171950-8706-4316-B405-B77D59ED2841}.Debug|Any CPU.ActiveCfg = Debug|Any CPU
		{4D171950-8706-4316-B405-B77D59ED2841}.Debug|Any CPU.Build.0 = Debug|Any CPU
		{4D171950-8706-4316-B405-B77D59ED2841}.Debug|x64.ActiveCfg = Debug|Any CPU
		{4D171950-8706-4316-B405-B77D59ED2841}.Debug|x64.Build.0 = Debug|Any CPU
		{4D171950-8706-4316-B405-B77D59ED2841}.Release|Any CPU.ActiveCfg = Release|Any CPU
		{4D171950-8706-4316-B405-B77D59ED2841}.Release|Any CPU.Build.0 = Release|Any CPU
		{4D171950-8706-4316-B405-B77D59ED2841}.Release|x64.ActiveCfg = Release|Any CPU
		{4D171950-8706-4316-B405-B77D59ED2841}.Release|x64.Build.0 = Release|Any CPU
		{CCD3D8BC-FAE6-43DB-8ABB-CC33F0F7D7A4}.Debug|Any CPU.ActiveCfg = Debug|Any CPU
		{CCD3D8BC-FAE6-43DB-8ABB-CC33F0F7D7A4}.Debug|Any CPU.Build.0 = Debug|Any CPU
		{CCD3D8BC-FAE6-43DB-8ABB-CC33F0F7D7A4}.Debug|x64.ActiveCfg = Debug|Any CPU
		{CCD3D8BC-FAE6-43DB-8ABB-CC33F0F7D7A4}.Debug|x64.Build.0 = Debug|Any CPU
		{CCD3D8BC-FAE6-43DB-8ABB-CC33F0F7D7A4}.Release|Any CPU.ActiveCfg = Release|Any CPU
		{CCD3D8BC-FAE6-43DB-8ABB-CC33F0F7D7A4}.Release|Any CPU.Build.0 = Release|Any CPU
		{CCD3D8BC-FAE6-43DB-8ABB-CC33F0F7D7A4}.Release|x64.ActiveCfg = Release|Any CPU
		{CCD3D8BC-FAE6-43DB-8ABB-CC33F0F7D7A4}.Release|x64.Build.0 = Release|Any CPU
		{C4CF6213-5AB8-471F-853A-083C2B4AF82B}.Debug|Any CPU.ActiveCfg = Debug|Any CPU
		{C4CF6213-5AB8-471F-853A-083C2B4AF82B}.Debug|Any CPU.Build.0 = Debug|Any CPU
		{C4CF6213-5AB8-471F-853A-083C2B4AF82B}.Debug|x64.ActiveCfg = Debug|Any CPU
		{C4CF6213-5AB8-471F-853A-083C2B4AF82B}.Debug|x64.Build.0 = Debug|Any CPU
		{C4CF6213-5AB8-471F-853A-083C2B4AF82B}.Release|Any CPU.ActiveCfg = Release|Any CPU
		{C4CF6213-5AB8-471F-853A-083C2B4AF82B}.Release|Any CPU.Build.0 = Release|Any CPU
		{C4CF6213-5AB8-471F-853A-083C2B4AF82B}.Release|x64.ActiveCfg = Release|Any CPU
		{C4CF6213-5AB8-471F-853A-083C2B4AF82B}.Release|x64.Build.0 = Release|Any CPU
	EndGlobalSection
	GlobalSection(SolutionProperties) = preSolution
		HideSolutionNode = FALSE
	EndGlobalSection
	GlobalSection(NestedProjects) = preSolution
		{301087BF-28DA-486C-9F6C-E9C84F261221} = {CAD756E7-2289-4067-A26D-3A2E6EE59E04}
		{BAEDD6D8-4507-4C9E-AA78-3B5006CE6D86} = {CAD756E7-2289-4067-A26D-3A2E6EE59E04}
		{70D43860-CC9A-4832-8D00-FD3E1FC10F9F} = {7307DCB8-A663-4F8C-A406-EFC3B17AE1FC}
		{470CA227-F7D1-4197-811E-D6919EF1F676} = {CAD756E7-2289-4067-A26D-3A2E6EE59E04}
		{F2DAF361-F59C-4308-B13E-D393DF927E09} = {7307DCB8-A663-4F8C-A406-EFC3B17AE1FC}
		{528AE0F7-B2F1-4D33-8FA0-2110844DB397} = {7307DCB8-A663-4F8C-A406-EFC3B17AE1FC}
		{6AA88188-7CF6-4347-BE4F-13228D9211A2} = {CAD756E7-2289-4067-A26D-3A2E6EE59E04}
		{16CA5C21-A548-48F2-9090-B673EBDEC23B} = {7307DCB8-A663-4F8C-A406-EFC3B17AE1FC}
		{5090E94A-68B7-45E9-BEF4-7C4E54D310E8} = {CAD756E7-2289-4067-A26D-3A2E6EE59E04}
		{C7FEBED8-87A0-4A93-BAA6-10A965D41E16} = {7307DCB8-A663-4F8C-A406-EFC3B17AE1FC}
		{4739622D-3274-4EAE-B0FB-4757DD8C9876} = {CAD756E7-2289-4067-A26D-3A2E6EE59E04}
		{CC616205-4BC6-4C11-8606-0CE09E95F25D} = {CAD756E7-2289-4067-A26D-3A2E6EE59E04}
		{C5F3363D-FCD5-46EB-841B-80033603AB3A} = {CAD756E7-2289-4067-A26D-3A2E6EE59E04}
		{CE7EE5DC-DC20-4061-B644-DE3867414B5D} = {CAD756E7-2289-4067-A26D-3A2E6EE59E04}
		{691EED02-7D60-45F5-AFA2-C0E2295A6498} = {7307DCB8-A663-4F8C-A406-EFC3B17AE1FC}
		{2EDD55D0-9ECE-4DB8-B019-562BBD07974C} = {CAD756E7-2289-4067-A26D-3A2E6EE59E04}
		{7DFCB614-EB76-4523-B085-71B8C3300394} = {7307DCB8-A663-4F8C-A406-EFC3B17AE1FC}
		{43218B58-5D7D-43AA-92A1-FCB7CD05E908} = {CAD756E7-2289-4067-A26D-3A2E6EE59E04}
		{8BD78E2C-9FB8-4B61-97E8-0AC24C4BAD6A} = {CAD756E7-2289-4067-A26D-3A2E6EE59E04}
		{99FCD81B-33A5-4FA4-B517-1D16F8354564} = {7307DCB8-A663-4F8C-A406-EFC3B17AE1FC}
		{A74BF2CF-F3E9-4078-94A5-53A0EC306893} = {CAD756E7-2289-4067-A26D-3A2E6EE59E04}
		{E9178ADE-019A-458B-801F-309A1A530850} = {CAD756E7-2289-4067-A26D-3A2E6EE59E04}
		{DA394BE2-283D-4703-B4A8-0615B0B228E8} = {CAD756E7-2289-4067-A26D-3A2E6EE59E04}
		{690C19BC-700A-4044-BEA6-5E793B482D1E} = {CAD756E7-2289-4067-A26D-3A2E6EE59E04}
		{6A839FEF-2A8C-4A8E-84BB-72E6A354974D} = {7307DCB8-A663-4F8C-A406-EFC3B17AE1FC}
		{6DB6CE05-13BC-469F-96FD-25C7F3E58D15} = {CAD756E7-2289-4067-A26D-3A2E6EE59E04}
		{8DC2EA7B-D41F-4464-AD33-D8130C65F6F5} = {CAD756E7-2289-4067-A26D-3A2E6EE59E04}
		{6C408C41-AC5A-4143-B706-FD889DB974D6} = {7307DCB8-A663-4F8C-A406-EFC3B17AE1FC}
		{6F847BBA-C08C-4067-A61D-F9881DEC84F4} = {CAD756E7-2289-4067-A26D-3A2E6EE59E04}
		{F4446F0E-D7A0-48BD-8137-EF62D8622921} = {CAD756E7-2289-4067-A26D-3A2E6EE59E04}
		{6EB26925-C50B-49C2-9BEE-10C985D6AF05} = {7307DCB8-A663-4F8C-A406-EFC3B17AE1FC}
		{49BCF269-D5B6-4E4C-AECC-88DB5D9CADF4} = {CAD756E7-2289-4067-A26D-3A2E6EE59E04}
		{2CFA16CC-B92C-4B10-8213-EBC1FB140A5B} = {CAD756E7-2289-4067-A26D-3A2E6EE59E04}
		{133E16D4-782E-4012-A03D-1B865A37B166} = {CAD756E7-2289-4067-A26D-3A2E6EE59E04}
		{02B86583-098C-4BC8-841D-8CE095DA2AFC} = {CAD756E7-2289-4067-A26D-3A2E6EE59E04}
		{19130B77-C1FB-4E67-8D49-93A47AE463B7} = {7307DCB8-A663-4F8C-A406-EFC3B17AE1FC}
		{C17BA133-E5FB-4068-9A97-0C0B75C861D8} = {CAD756E7-2289-4067-A26D-3A2E6EE59E04}
		{38BB64EC-5B2F-4A0B-A38B-B316FDFAEE4B} = {CAD756E7-2289-4067-A26D-3A2E6EE59E04}
		{ACD01A85-4B09-4A07-835A-772623A6CBD9} = {CAD756E7-2289-4067-A26D-3A2E6EE59E04}
		{9A7EEDCC-2385-4494-AC30-0625D909198A} = {CAD756E7-2289-4067-A26D-3A2E6EE59E04}
		{A331A237-9ED5-4C19-B6CA-D764ABE44A89} = {CAD756E7-2289-4067-A26D-3A2E6EE59E04}
		{0C0BA041-BC5C-4D61-A277-5A83BA96049F} = {CAD756E7-2289-4067-A26D-3A2E6EE59E04}
		{E05E352C-7E04-4B82-8D3B-FA2396E9ACBD} = {CAD756E7-2289-4067-A26D-3A2E6EE59E04}
		{B6DF8B90-9776-4BBF-85FD-C502475717A4} = {7307DCB8-A663-4F8C-A406-EFC3B17AE1FC}
		{A47F5719-5651-4A00-A841-A664562EF35D} = {CAD756E7-2289-4067-A26D-3A2E6EE59E04}
		{B5496A69-B4D6-4565-989D-4A9F04C6807E} = {7307DCB8-A663-4F8C-A406-EFC3B17AE1FC}
		{911C4B25-160C-4F54-A13C-43D77FDCCA65} = {CAD756E7-2289-4067-A26D-3A2E6EE59E04}
		{E20F06A0-B2BF-4F9C-9E1B-0715F3D0FC34} = {7307DCB8-A663-4F8C-A406-EFC3B17AE1FC}
		{7B4383B6-6C38-4674-810A-DA68AF9C35B6} = {CAD756E7-2289-4067-A26D-3A2E6EE59E04}
		{02822209-9DA9-45DB-88AB-6EA5CE670603} = {7307DCB8-A663-4F8C-A406-EFC3B17AE1FC}
		{7479F188-7758-4A29-B671-51B8E0F8F316} = {CAD756E7-2289-4067-A26D-3A2E6EE59E04}
		{80C9518C-E006-4CB5-875F-3E4BF77333BA} = {7307DCB8-A663-4F8C-A406-EFC3B17AE1FC}
		{9C4C03A1-54C7-45EE-86A2-3687BD10A599} = {CAD756E7-2289-4067-A26D-3A2E6EE59E04}
		{9A3931C3-74FC-489C-82EF-3EAA76FC8725} = {CAD756E7-2289-4067-A26D-3A2E6EE59E04}
		{F3316D22-7F8C-4343-90B5-5D22369F69CF} = {CAD756E7-2289-4067-A26D-3A2E6EE59E04}
		{4572078E-29B9-4332-A8F3-BA38179E0F40} = {CAD756E7-2289-4067-A26D-3A2E6EE59E04}
		{89870B04-6AC2-4E27-AF8F-503493E5DC74} = {CAD756E7-2289-4067-A26D-3A2E6EE59E04}
		{379FF157-E593-46D7-8150-72C9AEACC3C4} = {7307DCB8-A663-4F8C-A406-EFC3B17AE1FC}
		{EA2AB2E3-2CF7-4B54-9980-7993B818E9DD} = {CAD756E7-2289-4067-A26D-3A2E6EE59E04}
		{FABD6A95-4258-42CE-BA16-034C7E9BAD0E} = {CAD756E7-2289-4067-A26D-3A2E6EE59E04}
		{0F77F14C-09B1-4102-AA8D-93BDF62074D4} = {CAD756E7-2289-4067-A26D-3A2E6EE59E04}
		{CF0DE727-96BA-4F8A-91D9-6E5CBC3FE2A1} = {CAD756E7-2289-4067-A26D-3A2E6EE59E04}
		{FBB7A4C5-BD8B-4C76-847C-213DFE07E438} = {CAD756E7-2289-4067-A26D-3A2E6EE59E04}
		{3DF28FD5-DF24-4F2D-9DA8-89B68E86D514} = {7307DCB8-A663-4F8C-A406-EFC3B17AE1FC}
		{4D171950-8706-4316-B405-B77D59ED2841} = {CAD756E7-2289-4067-A26D-3A2E6EE59E04}
		{C4CF6213-5AB8-471F-853A-083C2B4AF82B} = {CAD756E7-2289-4067-A26D-3A2E6EE59E04}
	EndGlobalSection
	GlobalSection(ExtensibilityGlobals) = postSolution
		SolutionGuid = {D277F842-459A-4C30-A694-F10A4D3CFF0D}
	EndGlobalSection
EndGlobal
