Microsoft Visual Studio Solution File, Format Version 12.00
# Visual Studio Version 16
VisualStudioVersion = 16.0.31321.278
MinimumVisualStudioVersion = 10.0.40219.1
Project("{9A19103F-16F7-4668-BE54-9A1E7A4F7556}") = "Collection", "Collection\Collection.csproj", "{301087BF-28DA-486C-9F6C-E9C84F261221}"
EndProject
Project("{9A19103F-16F7-4668-BE54-9A1E7A4F7556}") = "TestFramework", "TestFramework\TestFramework.csproj", "{BAEDD6D8-4507-4C9E-AA78-3B5006CE6D86}"
EndProject
Project("{9A19103F-16F7-4668-BE54-9A1E7A4F7556}") = "Collection.Test", "Collection.Test\Collection.Test.csproj", "{70D43860-CC9A-4832-8D00-FD3E1FC10F9F}"
EndProject
Project("{9A19103F-16F7-4668-BE54-9A1E7A4F7556}") = "Net.Html", "Net.Html\Net.Html.csproj", "{470CA227-F7D1-4197-811E-D6919EF1F676}"
EndProject
Project("{9A19103F-16F7-4668-BE54-9A1E7A4F7556}") = "Automata", "Automata\Automata.csproj", "{8D0B18AC-7BD6-4CED-A6B8-020D340322D9}"
EndProject
Project("{9A19103F-16F7-4668-BE54-9A1E7A4F7556}") = "Automata.Test", "Automata.Test\Automata.Test.csproj", "{F2DAF361-F59C-4308-B13E-D393DF927E09}"
EndProject
Project("{9A19103F-16F7-4668-BE54-9A1E7A4F7556}") = "Net.Test", "Net.Test\Net.Test.csproj", "{528AE0F7-B2F1-4D33-8FA0-2110844DB397}"
EndProject
Project("{2150E333-8FDC-42A3-9474-1A3956D46DE8}") = "Solution Items", "Solution Items", "{CCAAD7F3-0EB4-4A72-9938-91C0BD7D146C}"
	ProjectSection(SolutionItems) = preProject
		.editorconfig = .editorconfig
	EndProjectSection
EndProject
Project("{9A19103F-16F7-4668-BE54-9A1E7A4F7556}") = "Code.Core", "Code.Core\Code.Core.csproj", "{6AA88188-7CF6-4347-BE4F-13228D9211A2}"
EndProject
Project("{9A19103F-16F7-4668-BE54-9A1E7A4F7556}") = "Code.Core.Test", "Code.Core.Test\Code.Core.Test.csproj", "{16CA5C21-A548-48F2-9090-B673EBDEC23B}"
EndProject
Project("{9A19103F-16F7-4668-BE54-9A1E7A4F7556}") = "Remote", "Remote\Remote.csproj", "{5090E94A-68B7-45E9-BEF4-7C4E54D310E8}"
EndProject
Project("{9A19103F-16F7-4668-BE54-9A1E7A4F7556}") = "Remote.Test", "Remote.Test\Remote.Test.csproj", "{C7FEBED8-87A0-4A93-BAA6-10A965D41E16}"
EndProject
Project("{9A19103F-16F7-4668-BE54-9A1E7A4F7556}") = "Remote.FileTransmission", "Remote.FileTransmission\Remote.FileTransmission.csproj", "{4739622D-3274-4EAE-B0FB-4757DD8C9876}"
EndProject
Project("{9A19103F-16F7-4668-BE54-9A1E7A4F7556}") = "Net.Json", "Net.Json\Net.Json.csproj", "{CC616205-4BC6-4C11-8606-0CE09E95F25D}"
EndProject
Project("{9A19103F-16F7-4668-BE54-9A1E7A4F7556}") = "Net.Http", "Net.Http\Net.Http.csproj", "{C5F3363D-FCD5-46EB-841B-80033603AB3A}"
EndProject
Project("{9A19103F-16F7-4668-BE54-9A1E7A4F7556}") = "Automata.IDE", "Automata.IDE\Automata.IDE.csproj", "{CE7EE5DC-DC20-4061-B644-DE3867414B5D}"
EndProject
Project("{9A19103F-16F7-4668-BE54-9A1E7A4F7556}") = "TestProgram", "TestProgram\TestProgram.csproj", "{691EED02-7D60-45F5-AFA2-C0E2295A6498}"
EndProject
Project("{FAE04EC0-301F-11D3-BF4B-00C04F79EFBC}") = "File.SV", "File.SV\File.SV.csproj", "{2EDD55D0-9ECE-4DB8-B019-562BBD07974C}"
EndProject
Project("{FAE04EC0-301F-11D3-BF4B-00C04F79EFBC}") = "File.Test", "File.Test\File.Test.csproj", "{7DFCB614-EB76-4523-B085-71B8C3300394}"
EndProject
Global
	GlobalSection(SolutionConfigurationPlatforms) = preSolution
		Debug|Any CPU = Debug|Any CPU
		Release|Any CPU = Release|Any CPU
	EndGlobalSection
	GlobalSection(ProjectConfigurationPlatforms) = postSolution
		{301087BF-28DA-486C-9F6C-E9C84F261221}.Debug|Any CPU.ActiveCfg = Debug|Any CPU
		{301087BF-28DA-486C-9F6C-E9C84F261221}.Debug|Any CPU.Build.0 = Debug|Any CPU
		{301087BF-28DA-486C-9F6C-E9C84F261221}.Release|Any CPU.ActiveCfg = Release|Any CPU
		{301087BF-28DA-486C-9F6C-E9C84F261221}.Release|Any CPU.Build.0 = Release|Any CPU
		{BAEDD6D8-4507-4C9E-AA78-3B5006CE6D86}.Debug|Any CPU.ActiveCfg = Debug|Any CPU
		{BAEDD6D8-4507-4C9E-AA78-3B5006CE6D86}.Debug|Any CPU.Build.0 = Debug|Any CPU
		{BAEDD6D8-4507-4C9E-AA78-3B5006CE6D86}.Release|Any CPU.ActiveCfg = Release|Any CPU
		{BAEDD6D8-4507-4C9E-AA78-3B5006CE6D86}.Release|Any CPU.Build.0 = Release|Any CPU
		{70D43860-CC9A-4832-8D00-FD3E1FC10F9F}.Debug|Any CPU.ActiveCfg = Debug|Any CPU
		{70D43860-CC9A-4832-8D00-FD3E1FC10F9F}.Debug|Any CPU.Build.0 = Debug|Any CPU
		{70D43860-CC9A-4832-8D00-FD3E1FC10F9F}.Release|Any CPU.ActiveCfg = Release|Any CPU
		{70D43860-CC9A-4832-8D00-FD3E1FC10F9F}.Release|Any CPU.Build.0 = Release|Any CPU
		{470CA227-F7D1-4197-811E-D6919EF1F676}.Debug|Any CPU.ActiveCfg = Debug|Any CPU
		{470CA227-F7D1-4197-811E-D6919EF1F676}.Debug|Any CPU.Build.0 = Debug|Any CPU
		{470CA227-F7D1-4197-811E-D6919EF1F676}.Release|Any CPU.ActiveCfg = Release|Any CPU
		{470CA227-F7D1-4197-811E-D6919EF1F676}.Release|Any CPU.Build.0 = Release|Any CPU
		{8D0B18AC-7BD6-4CED-A6B8-020D340322D9}.Debug|Any CPU.ActiveCfg = Debug|Any CPU
		{8D0B18AC-7BD6-4CED-A6B8-020D340322D9}.Debug|Any CPU.Build.0 = Debug|Any CPU
		{8D0B18AC-7BD6-4CED-A6B8-020D340322D9}.Release|Any CPU.ActiveCfg = Release|Any CPU
		{8D0B18AC-7BD6-4CED-A6B8-020D340322D9}.Release|Any CPU.Build.0 = Release|Any CPU
		{F2DAF361-F59C-4308-B13E-D393DF927E09}.Debug|Any CPU.ActiveCfg = Debug|Any CPU
		{F2DAF361-F59C-4308-B13E-D393DF927E09}.Debug|Any CPU.Build.0 = Debug|Any CPU
		{F2DAF361-F59C-4308-B13E-D393DF927E09}.Release|Any CPU.ActiveCfg = Release|Any CPU
		{F2DAF361-F59C-4308-B13E-D393DF927E09}.Release|Any CPU.Build.0 = Release|Any CPU
		{528AE0F7-B2F1-4D33-8FA0-2110844DB397}.Debug|Any CPU.ActiveCfg = Debug|Any CPU
		{528AE0F7-B2F1-4D33-8FA0-2110844DB397}.Debug|Any CPU.Build.0 = Debug|Any CPU
		{528AE0F7-B2F1-4D33-8FA0-2110844DB397}.Release|Any CPU.ActiveCfg = Release|Any CPU
		{528AE0F7-B2F1-4D33-8FA0-2110844DB397}.Release|Any CPU.Build.0 = Release|Any CPU
		{6AA88188-7CF6-4347-BE4F-13228D9211A2}.Debug|Any CPU.ActiveCfg = Debug|Any CPU
		{6AA88188-7CF6-4347-BE4F-13228D9211A2}.Debug|Any CPU.Build.0 = Debug|Any CPU
		{6AA88188-7CF6-4347-BE4F-13228D9211A2}.Release|Any CPU.ActiveCfg = Release|Any CPU
		{6AA88188-7CF6-4347-BE4F-13228D9211A2}.Release|Any CPU.Build.0 = Release|Any CPU
		{16CA5C21-A548-48F2-9090-B673EBDEC23B}.Debug|Any CPU.ActiveCfg = Debug|Any CPU
		{16CA5C21-A548-48F2-9090-B673EBDEC23B}.Debug|Any CPU.Build.0 = Debug|Any CPU
		{16CA5C21-A548-48F2-9090-B673EBDEC23B}.Release|Any CPU.ActiveCfg = Release|Any CPU
		{16CA5C21-A548-48F2-9090-B673EBDEC23B}.Release|Any CPU.Build.0 = Release|Any CPU
		{5090E94A-68B7-45E9-BEF4-7C4E54D310E8}.Debug|Any CPU.ActiveCfg = Debug|Any CPU
		{5090E94A-68B7-45E9-BEF4-7C4E54D310E8}.Debug|Any CPU.Build.0 = Debug|Any CPU
		{5090E94A-68B7-45E9-BEF4-7C4E54D310E8}.Release|Any CPU.ActiveCfg = Release|Any CPU
		{5090E94A-68B7-45E9-BEF4-7C4E54D310E8}.Release|Any CPU.Build.0 = Release|Any CPU
		{C7FEBED8-87A0-4A93-BAA6-10A965D41E16}.Debug|Any CPU.ActiveCfg = Debug|Any CPU
		{C7FEBED8-87A0-4A93-BAA6-10A965D41E16}.Debug|Any CPU.Build.0 = Debug|Any CPU
		{C7FEBED8-87A0-4A93-BAA6-10A965D41E16}.Release|Any CPU.ActiveCfg = Release|Any CPU
		{C7FEBED8-87A0-4A93-BAA6-10A965D41E16}.Release|Any CPU.Build.0 = Release|Any CPU
		{4739622D-3274-4EAE-B0FB-4757DD8C9876}.Debug|Any CPU.ActiveCfg = Debug|Any CPU
		{4739622D-3274-4EAE-B0FB-4757DD8C9876}.Debug|Any CPU.Build.0 = Debug|Any CPU
		{4739622D-3274-4EAE-B0FB-4757DD8C9876}.Release|Any CPU.ActiveCfg = Release|Any CPU
		{4739622D-3274-4EAE-B0FB-4757DD8C9876}.Release|Any CPU.Build.0 = Release|Any CPU
		{CC616205-4BC6-4C11-8606-0CE09E95F25D}.Debug|Any CPU.ActiveCfg = Debug|Any CPU
		{CC616205-4BC6-4C11-8606-0CE09E95F25D}.Debug|Any CPU.Build.0 = Debug|Any CPU
		{CC616205-4BC6-4C11-8606-0CE09E95F25D}.Release|Any CPU.ActiveCfg = Release|Any CPU
		{CC616205-4BC6-4C11-8606-0CE09E95F25D}.Release|Any CPU.Build.0 = Release|Any CPU
		{C5F3363D-FCD5-46EB-841B-80033603AB3A}.Debug|Any CPU.ActiveCfg = Debug|Any CPU
		{C5F3363D-FCD5-46EB-841B-80033603AB3A}.Debug|Any CPU.Build.0 = Debug|Any CPU
		{C5F3363D-FCD5-46EB-841B-80033603AB3A}.Release|Any CPU.ActiveCfg = Release|Any CPU
		{C5F3363D-FCD5-46EB-841B-80033603AB3A}.Release|Any CPU.Build.0 = Release|Any CPU
		{CE7EE5DC-DC20-4061-B644-DE3867414B5D}.Debug|Any CPU.ActiveCfg = Debug|Any CPU
		{CE7EE5DC-DC20-4061-B644-DE3867414B5D}.Debug|Any CPU.Build.0 = Debug|Any CPU
		{CE7EE5DC-DC20-4061-B644-DE3867414B5D}.Release|Any CPU.ActiveCfg = Release|Any CPU
		{CE7EE5DC-DC20-4061-B644-DE3867414B5D}.Release|Any CPU.Build.0 = Release|Any CPU
		{691EED02-7D60-45F5-AFA2-C0E2295A6498}.Debug|Any CPU.ActiveCfg = Debug|Any CPU
		{691EED02-7D60-45F5-AFA2-C0E2295A6498}.Debug|Any CPU.Build.0 = Debug|Any CPU
		{691EED02-7D60-45F5-AFA2-C0E2295A6498}.Release|Any CPU.ActiveCfg = Release|Any CPU
		{691EED02-7D60-45F5-AFA2-C0E2295A6498}.Release|Any CPU.Build.0 = Release|Any CPU
		{2EDD55D0-9ECE-4DB8-B019-562BBD07974C}.Debug|Any CPU.ActiveCfg = Debug|Any CPU
		{2EDD55D0-9ECE-4DB8-B019-562BBD07974C}.Debug|Any CPU.Build.0 = Debug|Any CPU
		{2EDD55D0-9ECE-4DB8-B019-562BBD07974C}.Release|Any CPU.ActiveCfg = Release|Any CPU
		{2EDD55D0-9ECE-4DB8-B019-562BBD07974C}.Release|Any CPU.Build.0 = Release|Any CPU
		{7DFCB614-EB76-4523-B085-71B8C3300394}.Debug|Any CPU.ActiveCfg = Debug|Any CPU
		{7DFCB614-EB76-4523-B085-71B8C3300394}.Debug|Any CPU.Build.0 = Debug|Any CPU
		{7DFCB614-EB76-4523-B085-71B8C3300394}.Release|Any CPU.ActiveCfg = Release|Any CPU
		{7DFCB614-EB76-4523-B085-71B8C3300394}.Release|Any CPU.Build.0 = Release|Any CPU
	EndGlobalSection
	GlobalSection(SolutionProperties) = preSolution
		HideSolutionNode = FALSE
	EndGlobalSection
	GlobalSection(ExtensibilityGlobals) = postSolution
		SolutionGuid = {D277F842-459A-4C30-A694-F10A4D3CFF0D}
	EndGlobalSection
EndGlobal
